// !$*UTF8*$!
{
	archiveVersion = 1;
	classes = {
	};
	objectVersion = 51;
	objects = {

/* Begin PBXBuildFile section */
		740D8846226F2E1C003E0F00 /* JXTMarketCell.m in Sources */ = {isa = PBXBuildFile; fileRef = 740D8845226F2E1C003E0F00 /* JXTMarketCell.m */; };
		7410EAF2227F1D63002CE0F2 /* JXTLongCharacter.m in Sources */ = {isa = PBXBuildFile; fileRef = 7410EAF1227F1D63002CE0F2 /* JXTLongCharacter.m */; };
		742AD1EE223376EF00350D30 /* JXTCharacterManager.m in Sources */ = {isa = PBXBuildFile; fileRef = 742AD1ED223376EF00350D30 /* JXTCharacterManager.m */; };
		742CAD02224530FC00900CEE /* JXTDocumentManager.m in Sources */ = {isa = PBXBuildFile; fileRef = 742CAD01224530FC00900CEE /* JXTDocumentManager.m */; };
		742D5C0022675D05004BB4DF /* JXTLogViewController.m in Sources */ = {isa = PBXBuildFile; fileRef = 742D5BFF22675D05004BB4DF /* JXTLogViewController.m */; };
		742D5C0422677080004BB4DF /* JXTLogCell.m in Sources */ = {isa = PBXBuildFile; fileRef = 742D5C0322677080004BB4DF /* JXTLogCell.m */; };
		742D5C07226770F7004BB4DF /* JXTLog.m in Sources */ = {isa = PBXBuildFile; fileRef = 742D5C06226770F7004BB4DF /* JXTLog.m */; };
		742D5C0A22677114004BB4DF /* JXTLogManager.m in Sources */ = {isa = PBXBuildFile; fileRef = 742D5C0922677114004BB4DF /* JXTLogManager.m */; };
		742F86B92257002300306455 /* UIFont+JXTCatagory.m in Sources */ = {isa = PBXBuildFile; fileRef = 742F86B82257002300306455 /* UIFont+JXTCatagory.m */; };
		742F86BE2257177B00306455 /* JXTColorfulButton.m in Sources */ = {isa = PBXBuildFile; fileRef = 742F86BD2257177B00306455 /* JXTColorfulButton.m */; };
		742FE391225077AC0036B09F /* JXTBatteryCell.m in Sources */ = {isa = PBXBuildFile; fileRef = 742FE390225077AC0036B09F /* JXTBatteryCell.m */; };
		743E4F952271DFDA00EEC0B3 /* JXTFileViewController.m in Sources */ = {isa = PBXBuildFile; fileRef = 743E4F942271DFDA00EEC0B3 /* JXTFileViewController.m */; };
		743E4F992271E0E900EEC0B3 /* JXTFileCell.m in Sources */ = {isa = PBXBuildFile; fileRef = 743E4F982271E0E900EEC0B3 /* JXTFileCell.m */; };
		7440AB6222475A3400334361 /* JXTYValueFormater.m in Sources */ = {isa = PBXBuildFile; fileRef = 7440AB6122475A3400334361 /* JXTYValueFormater.m */; };
		7440AB662247670200334361 /* JXTXValueFormater.m in Sources */ = {isa = PBXBuildFile; fileRef = 7440AB652247670200334361 /* JXTXValueFormater.m */; };
		7440AB692247733E00334361 /* JXTDataValueFormater.m in Sources */ = {isa = PBXBuildFile; fileRef = 7440AB682247733E00334361 /* JXTDataValueFormater.m */; };
		745061E8227746CF00447FEC /* JXTFolderController.m in Sources */ = {isa = PBXBuildFile; fileRef = 745061E7227746CF00447FEC /* JXTFolderController.m */; };
		7453BED5225CE1FA002728FE /* JXTAlertViewController.m in Sources */ = {isa = PBXBuildFile; fileRef = 7453BED4225CE1FA002728FE /* JXTAlertViewController.m */; };
		748B1882222D779A001111D5 /* JXTInfoDetails.m in Sources */ = {isa = PBXBuildFile; fileRef = 748B1881222D779A001111D5 /* JXTInfoDetails.m */; };
		749929F9225E18360031899A /* JXTConnectController.m in Sources */ = {isa = PBXBuildFile; fileRef = 749929F8225E18360031899A /* JXTConnectController.m */; };
		749929FC225E193E0031899A /* JXTDeviceListController.m in Sources */ = {isa = PBXBuildFile; fileRef = 749929FB225E193E0031899A /* JXTDeviceListController.m */; };
		74992A01225E23A00031899A /* JXTPeripheralCell.m in Sources */ = {isa = PBXBuildFile; fileRef = 74992A00225E23A00031899A /* JXTPeripheralCell.m */; };
		749E1719232CF79800C5E2BE /* Localizable.strings in Resources */ = {isa = PBXBuildFile; fileRef = 749E171B232CF79800C5E2BE /* Localizable.strings */; };
		74A89D64224691970040B6B7 /* bridge.swift in Sources */ = {isa = PBXBuildFile; fileRef = 74A89D63224691970040B6B7 /* bridge.swift */; };
		74AF3EF42237DD6E00D6B2D7 /* JXTCounterViewController.m in Sources */ = {isa = PBXBuildFile; fileRef = 74AF3EF32237DD6E00D6B2D7 /* JXTCounterViewController.m */; };
		74C5A3D0226DF07E00C49BB1 /* JXTPasswordController.m in Sources */ = {isa = PBXBuildFile; fileRef = 74C5A3CF226DF07E00C49BB1 /* JXTPasswordController.m */; };
		74C5A3D4226DF30D00C49BB1 /* JXTLineButton.m in Sources */ = {isa = PBXBuildFile; fileRef = 74C5A3D3226DF30D00C49BB1 /* JXTLineButton.m */; };
		74CE23C622637AF2003E10A2 /* JXTControlButton.m in Sources */ = {isa = PBXBuildFile; fileRef = 74CE23C522637AF2003E10A2 /* JXTControlButton.m */; };
		74D577E2226C3D8E00D06E87 /* JXTParamCell.m in Sources */ = {isa = PBXBuildFile; fileRef = 74D577E1226C3D8E00D06E87 /* JXTParamCell.m */; };
		74D577E5226C45B800D06E87 /* JXTBMSSettingCell.m in Sources */ = {isa = PBXBuildFile; fileRef = 74D577E4226C45B800D06E87 /* JXTBMSSettingCell.m */; };
		74D577E8226C728C00D06E87 /* JXTBMSSettingController.m in Sources */ = {isa = PBXBuildFile; fileRef = 74D577E6226C728B00D06E87 /* JXTBMSSettingController.m */; };
		74D577EB226C828900D06E87 /* JXTSystemController.m in Sources */ = {isa = PBXBuildFile; fileRef = 74D577EA226C828900D06E87 /* JXTSystemController.m */; };
		74D577EE226C82CD00D06E87 /* JXTSystemCell.m in Sources */ = {isa = PBXBuildFile; fileRef = 74D577ED226C82CD00D06E87 /* JXTSystemCell.m */; };
		74D577F1226C86BC00D06E87 /* JXTAboutUsController.m in Sources */ = {isa = PBXBuildFile; fileRef = 74D577F0226C86BC00D06E87 /* JXTAboutUsController.m */; };
		74D577F4226C8B9E00D06E87 /* JXTWebViewController.m in Sources */ = {isa = PBXBuildFile; fileRef = 74D577F3226C8B9E00D06E87 /* JXTWebViewController.m */; };
		74F22144224F6BEF005A776E /* JXTRealtimeStatusController.m in Sources */ = {isa = PBXBuildFile; fileRef = 74F22143224F6BEF005A776E /* JXTRealtimeStatusController.m */; };
		74F22148224F6C34005A776E /* JXTDynamicCurveController.m in Sources */ = {isa = PBXBuildFile; fileRef = 74F22147224F6C34005A776E /* JXTDynamicCurveController.m */; };
		74F2214B224F6C6B005A776E /* JXTParameterSettingController.m in Sources */ = {isa = PBXBuildFile; fileRef = 74F2214A224F6C6B005A776E /* JXTParameterSettingController.m */; };
		74F2214E224F6CAB005A776E /* JXTCommandController.m in Sources */ = {isa = PBXBuildFile; fileRef = 74F2214D224F6CAB005A776E /* JXTCommandController.m */; };
		74F22151224F6CC2005A776E /* JXTMarketController.m in Sources */ = {isa = PBXBuildFile; fileRef = 74F22150224F6CC2005A776E /* JXTMarketController.m */; };
		74F22155224F7640005A776E /* JXTRealtimeHeaderView.m in Sources */ = {isa = PBXBuildFile; fileRef = 74F22154224F7640005A776E /* JXTRealtimeHeaderView.m */; };
		84202C6022150B3B006CEE35 /* JXTBaseResponderController.m in Sources */ = {isa = PBXBuildFile; fileRef = 84202C5E22150B3B006CEE35 /* JXTBaseResponderController.m */; };
		84202C73221666E8006CEE35 /* JXTCharacter.m in Sources */ = {isa = PBXBuildFile; fileRef = 84202C72221666E8006CEE35 /* JXTCharacter.m */; };
		842AA3C82223838C0092E813 /* JXTBluetooth.m in Sources */ = {isa = PBXBuildFile; fileRef = 842AA3C72223838C0092E813 /* JXTBluetooth.m */; };
		8437B8732228FD7A006A08F0 /* JXTFunctionView.m in Sources */ = {isa = PBXBuildFile; fileRef = 8437B8712228FD7A006A08F0 /* JXTFunctionView.m */; };
		8437B876222F6A43006A08F0 /* JXTDoubleCharacter.m in Sources */ = {isa = PBXBuildFile; fileRef = 8437B875222F6A43006A08F0 /* JXTDoubleCharacter.m */; };
		84875DF321B1354E0084029A /* JXTAppDelegate.m in Sources */ = {isa = PBXBuildFile; fileRef = 84875DF221B1354E0084029A /* JXTAppDelegate.m */; };
		84875DFB21B1355C0084029A /* Assets.xcassets in Resources */ = {isa = PBXBuildFile; fileRef = 84875DFA21B1355C0084029A /* Assets.xcassets */; };
		84875E0121B1355C0084029A /* main.m in Sources */ = {isa = PBXBuildFile; fileRef = 84875E0021B1355C0084029A /* main.m */; };
		84875E0921B1368E0084029A /* CoreBluetooth.framework in Frameworks */ = {isa = PBXBuildFile; fileRef = 84875E0821B1368E0084029A /* CoreBluetooth.framework */; };
		84875EE621B139980084029A /* UIApplication+JXTCategory.m in Sources */ = {isa = PBXBuildFile; fileRef = 84875EC121B139980084029A /* UIApplication+JXTCategory.m */; };
		84875EF821B13A480084029A /* JXTAppInfo.m in Sources */ = {isa = PBXBuildFile; fileRef = 84875EF721B13A480084029A /* JXTAppInfo.m */; };
		84875F3321B13B500084029A /* UITableView+JXTCategory.m in Sources */ = {isa = PBXBuildFile; fileRef = 84875F2321B13B500084029A /* UITableView+JXTCategory.m */; };
		84875F3421B13B500084029A /* UIImageView+JXTCategory.m in Sources */ = {isa = PBXBuildFile; fileRef = 84875F2421B13B500084029A /* UIImageView+JXTCategory.m */; };
		84875F3521B13B500084029A /* WKWebView+JXTCategory.m in Sources */ = {isa = PBXBuildFile; fileRef = 84875F2521B13B500084029A /* WKWebView+JXTCategory.m */; };
		84875F3621B13B500084029A /* UIView+JXTCategory.m in Sources */ = {isa = PBXBuildFile; fileRef = 84875F2821B13B500084029A /* UIView+JXTCategory.m */; };
		84875F3721B13B500084029A /* UISearchBar+JXTCategory.m in Sources */ = {isa = PBXBuildFile; fileRef = 84875F2A21B13B500084029A /* UISearchBar+JXTCategory.m */; };
		84875F3821B13B500084029A /* UILabel+JXTCategory.m in Sources */ = {isa = PBXBuildFile; fileRef = 84875F2B21B13B500084029A /* UILabel+JXTCategory.m */; };
		84875F3921B13B500084029A /* UITextField+Shake.m in Sources */ = {isa = PBXBuildFile; fileRef = 84875F3021B13B500084029A /* UITextField+Shake.m */; };
		84875F3A21B13B500084029A /* UIButton+JXTCategory.m in Sources */ = {isa = PBXBuildFile; fileRef = 84875F3121B13B500084029A /* UIButton+JXTCategory.m */; };
		84875F4121B13B720084029A /* UIViewController+KeyboardAnimation.m in Sources */ = {isa = PBXBuildFile; fileRef = 84875F3B21B13B720084029A /* UIViewController+KeyboardAnimation.m */; };
		84875F4221B13B720084029A /* UIViewController+JXTCategory.m in Sources */ = {isa = PBXBuildFile; fileRef = 84875F3E21B13B720084029A /* UIViewController+JXTCategory.m */; };
		84875F4321B13B720084029A /* UIViewController+ShouldAutorotate.m in Sources */ = {isa = PBXBuildFile; fileRef = 84875F4021B13B720084029A /* UIViewController+ShouldAutorotate.m */; };
		84875F5421B13B8B0084029A /* UIColor+JXTCategory.m in Sources */ = {isa = PBXBuildFile; fileRef = 84875F4421B13B8B0084029A /* UIColor+JXTCategory.m */; };
		84875F5521B13B8B0084029A /* UIImage+JXTCategory.m in Sources */ = {isa = PBXBuildFile; fileRef = 84875F4521B13B8B0084029A /* UIImage+JXTCategory.m */; };
		84875F5621B13B8B0084029A /* NSArray+JXTCategory.m in Sources */ = {isa = PBXBuildFile; fileRef = 84875F4721B13B8B0084029A /* NSArray+JXTCategory.m */; };
		84875F5721B13B8B0084029A /* NSDate+JXTCategory.m in Sources */ = {isa = PBXBuildFile; fileRef = 84875F4821B13B8B0084029A /* NSDate+JXTCategory.m */; };
		84875F5821B13B8B0084029A /* UIResponder+JXTCatagory.m in Sources */ = {isa = PBXBuildFile; fileRef = 84875F4A21B13B8B0084029A /* UIResponder+JXTCatagory.m */; };
		84875F5921B13B8B0084029A /* NSString+JXTCategory.m in Sources */ = {isa = PBXBuildFile; fileRef = 84875F4B21B13B8B0084029A /* NSString+JXTCategory.m */; };
		84875F5A21B13B8B0084029A /* NSDictionary+JXTCategory.m in Sources */ = {isa = PBXBuildFile; fileRef = 84875F5121B13B8B0084029A /* NSDictionary+JXTCategory.m */; };
		84875F5B21B13B8B0084029A /* NSAttributedString+JXTCategory.m in Sources */ = {isa = PBXBuildFile; fileRef = 84875F5221B13B8B0084029A /* NSAttributedString+JXTCategory.m */; };
		84875F6E21B13C750084029A /* JXTTabBarController.m in Sources */ = {isa = PBXBuildFile; fileRef = 84875F5D21B13C750084029A /* JXTTabBarController.m */; };
		84875F6F21B13C750084029A /* JXTNavigationController.m in Sources */ = {isa = PBXBuildFile; fileRef = 84875F6021B13C750084029A /* JXTNavigationController.m */; };
		84875F8121B13C920084029A /* JXTOverCurrentViewController.m in Sources */ = {isa = PBXBuildFile; fileRef = 84875F7C21B13C920084029A /* JXTOverCurrentViewController.m */; };
		84875F8321B13C920084029A /* JXTSingleRowPickerViewController.m in Sources */ = {isa = PBXBuildFile; fileRef = 84875F7E21B13C920084029A /* JXTSingleRowPickerViewController.m */; };
		84875F8E21B13CC70084029A /* JXTButton.m in Sources */ = {isa = PBXBuildFile; fileRef = 84875F8421B13CC60084029A /* JXTButton.m */; };
		84875F9121B13CC70084029A /* JXTCustomTabBar.m in Sources */ = {isa = PBXBuildFile; fileRef = 84875F8C21B13CC70084029A /* JXTCustomTabBar.m */; };
		84875FC421B526BB0084029A /* BabyPeripheralManager.m in Sources */ = {isa = PBXBuildFile; fileRef = 84875FB221B526BA0084029A /* BabyPeripheralManager.m */; };
		84875FC521B526BB0084029A /* BabySpeaker.m in Sources */ = {isa = PBXBuildFile; fileRef = 84875FB321B526BA0084029A /* BabySpeaker.m */; };
		84875FC621B526BB0084029A /* BabyCentralManager.m in Sources */ = {isa = PBXBuildFile; fileRef = 84875FB421B526BA0084029A /* BabyCentralManager.m */; };
		84875FC721B526BB0084029A /* BabyDefine.m in Sources */ = {isa = PBXBuildFile; fileRef = 84875FB521B526BA0084029A /* BabyDefine.m */; };
		84875FC821B526BB0084029A /* BabyOptions.m in Sources */ = {isa = PBXBuildFile; fileRef = 84875FB821B526BA0084029A /* BabyOptions.m */; };
		84875FC921B526BB0084029A /* BabyBluetooth.m in Sources */ = {isa = PBXBuildFile; fileRef = 84875FBA21B526BA0084029A /* BabyBluetooth.m */; };
		84875FCA21B526BB0084029A /* BabyToy.m in Sources */ = {isa = PBXBuildFile; fileRef = 84875FBD21B526BA0084029A /* BabyToy.m */; };
		84875FCB21B526BB0084029A /* BabyCallback.m in Sources */ = {isa = PBXBuildFile; fileRef = 84875FC021B526BB0084029A /* BabyCallback.m */; };
		84875FCC21B526BB0084029A /* BabyRhythm.m in Sources */ = {isa = PBXBuildFile; fileRef = 84875FC121B526BB0084029A /* BabyRhythm.m */; };
		849205F52227B1A60013BACC /* JXTBatteryInfoManager.m in Sources */ = {isa = PBXBuildFile; fileRef = 849205F42227B1A60013BACC /* JXTBatteryInfoManager.m */; };
		F93B9ED88170D01233B6E75D /* Pods_BMS.framework in Frameworks */ = {isa = PBXBuildFile; fileRef = 3BC865BA85AABBBF394FD0F8 /* Pods_BMS.framework */; };
/* End PBXBuildFile section */

/* Begin PBXCopyFilesBuildPhase section */
		74A89D612246914B0040B6B7 /* Embed Frameworks */ = {
			isa = PBXCopyFilesBuildPhase;
			buildActionMask = 2147483647;
			dstPath = "";
			dstSubfolderSpec = 10;
			files = (
			);
			name = "Embed Frameworks";
			runOnlyForDeploymentPostprocessing = 0;
		};
/* End PBXCopyFilesBuildPhase section */

/* Begin PBXFileReference section */
		3BC865BA85AABBBF394FD0F8 /* Pods_BMS.framework */ = {isa = PBXFileReference; explicitFileType = wrapper.framework; includeInIndex = 0; path = Pods_BMS.framework; sourceTree = BUILT_PRODUCTS_DIR; };
		729A2A0C58A7CF8A38AE644D /* Pods-BMS.debug.xcconfig */ = {isa = PBXFileReference; includeInIndex = 1; lastKnownFileType = text.xcconfig; name = "Pods-BMS.debug.xcconfig"; path = "Target Support Files/Pods-BMS/Pods-BMS.debug.xcconfig"; sourceTree = "<group>"; };
		740D8844226F2E1C003E0F00 /* JXTMarketCell.h */ = {isa = PBXFileReference; lastKnownFileType = sourcecode.c.h; path = JXTMarketCell.h; sourceTree = "<group>"; };
		740D8845226F2E1C003E0F00 /* JXTMarketCell.m */ = {isa = PBXFileReference; lastKnownFileType = sourcecode.c.objc; path = JXTMarketCell.m; sourceTree = "<group>"; };
		7410EAF0227F1D63002CE0F2 /* JXTLongCharacter.h */ = {isa = PBXFileReference; lastKnownFileType = sourcecode.c.h; path = JXTLongCharacter.h; sourceTree = "<group>"; };
		7410EAF1227F1D63002CE0F2 /* JXTLongCharacter.m */ = {isa = PBXFileReference; lastKnownFileType = sourcecode.c.objc; path = JXTLongCharacter.m; sourceTree = "<group>"; };
		742AD1EC223376EF00350D30 /* JXTCharacterManager.h */ = {isa = PBXFileReference; lastKnownFileType = sourcecode.c.h; path = JXTCharacterManager.h; sourceTree = "<group>"; };
		742AD1ED223376EF00350D30 /* JXTCharacterManager.m */ = {isa = PBXFileReference; lastKnownFileType = sourcecode.c.objc; path = JXTCharacterManager.m; sourceTree = "<group>"; };
		742CAD00224530FC00900CEE /* JXTDocumentManager.h */ = {isa = PBXFileReference; lastKnownFileType = sourcecode.c.h; path = JXTDocumentManager.h; sourceTree = "<group>"; };
		742CAD01224530FC00900CEE /* JXTDocumentManager.m */ = {isa = PBXFileReference; lastKnownFileType = sourcecode.c.objc; path = JXTDocumentManager.m; sourceTree = "<group>"; };
		742D5BFE22675D05004BB4DF /* JXTLogViewController.h */ = {isa = PBXFileReference; lastKnownFileType = sourcecode.c.h; path = JXTLogViewController.h; sourceTree = "<group>"; };
		742D5BFF22675D05004BB4DF /* JXTLogViewController.m */ = {isa = PBXFileReference; lastKnownFileType = sourcecode.c.objc; path = JXTLogViewController.m; sourceTree = "<group>"; };
		742D5C0222677080004BB4DF /* JXTLogCell.h */ = {isa = PBXFileReference; lastKnownFileType = sourcecode.c.h; path = JXTLogCell.h; sourceTree = "<group>"; };
		742D5C0322677080004BB4DF /* JXTLogCell.m */ = {isa = PBXFileReference; lastKnownFileType = sourcecode.c.objc; path = JXTLogCell.m; sourceTree = "<group>"; };
		742D5C05226770F7004BB4DF /* JXTLog.h */ = {isa = PBXFileReference; lastKnownFileType = sourcecode.c.h; path = JXTLog.h; sourceTree = "<group>"; };
		742D5C06226770F7004BB4DF /* JXTLog.m */ = {isa = PBXFileReference; lastKnownFileType = sourcecode.c.objc; path = JXTLog.m; sourceTree = "<group>"; };
		742D5C0822677114004BB4DF /* JXTLogManager.h */ = {isa = PBXFileReference; lastKnownFileType = sourcecode.c.h; path = JXTLogManager.h; sourceTree = "<group>"; };
		742D5C0922677114004BB4DF /* JXTLogManager.m */ = {isa = PBXFileReference; lastKnownFileType = sourcecode.c.objc; path = JXTLogManager.m; sourceTree = "<group>"; };
		742F86B72257002300306455 /* UIFont+JXTCatagory.h */ = {isa = PBXFileReference; lastKnownFileType = sourcecode.c.h; path = "UIFont+JXTCatagory.h"; sourceTree = "<group>"; };
		742F86B82257002300306455 /* UIFont+JXTCatagory.m */ = {isa = PBXFileReference; lastKnownFileType = sourcecode.c.objc; path = "UIFont+JXTCatagory.m"; sourceTree = "<group>"; };
		742F86BC2257177B00306455 /* JXTColorfulButton.h */ = {isa = PBXFileReference; lastKnownFileType = sourcecode.c.h; path = JXTColorfulButton.h; sourceTree = "<group>"; };
		742F86BD2257177B00306455 /* JXTColorfulButton.m */ = {isa = PBXFileReference; lastKnownFileType = sourcecode.c.objc; path = JXTColorfulButton.m; sourceTree = "<group>"; };
		742FE38F225077AC0036B09F /* JXTBatteryCell.h */ = {isa = PBXFileReference; lastKnownFileType = sourcecode.c.h; path = JXTBatteryCell.h; sourceTree = "<group>"; };
		742FE390225077AC0036B09F /* JXTBatteryCell.m */ = {isa = PBXFileReference; lastKnownFileType = sourcecode.c.objc; path = JXTBatteryCell.m; sourceTree = "<group>"; };
		743E4F932271DFDA00EEC0B3 /* JXTFileViewController.h */ = {isa = PBXFileReference; lastKnownFileType = sourcecode.c.h; path = JXTFileViewController.h; sourceTree = "<group>"; };
		743E4F942271DFDA00EEC0B3 /* JXTFileViewController.m */ = {isa = PBXFileReference; lastKnownFileType = sourcecode.c.objc; path = JXTFileViewController.m; sourceTree = "<group>"; };
		743E4F972271E0E900EEC0B3 /* JXTFileCell.h */ = {isa = PBXFileReference; lastKnownFileType = sourcecode.c.h; path = JXTFileCell.h; sourceTree = "<group>"; };
		743E4F982271E0E900EEC0B3 /* JXTFileCell.m */ = {isa = PBXFileReference; lastKnownFileType = sourcecode.c.objc; path = JXTFileCell.m; sourceTree = "<group>"; };
		7440AB6022475A3400334361 /* JXTYValueFormater.h */ = {isa = PBXFileReference; lastKnownFileType = sourcecode.c.h; path = JXTYValueFormater.h; sourceTree = "<group>"; };
		7440AB6122475A3400334361 /* JXTYValueFormater.m */ = {isa = PBXFileReference; lastKnownFileType = sourcecode.c.objc; path = JXTYValueFormater.m; sourceTree = "<group>"; };
		7440AB642247670200334361 /* JXTXValueFormater.h */ = {isa = PBXFileReference; lastKnownFileType = sourcecode.c.h; path = JXTXValueFormater.h; sourceTree = "<group>"; };
		7440AB652247670200334361 /* JXTXValueFormater.m */ = {isa = PBXFileReference; lastKnownFileType = sourcecode.c.objc; path = JXTXValueFormater.m; sourceTree = "<group>"; };
		7440AB672247733E00334361 /* JXTDataValueFormater.h */ = {isa = PBXFileReference; lastKnownFileType = sourcecode.c.h; path = JXTDataValueFormater.h; sourceTree = "<group>"; };
		7440AB682247733E00334361 /* JXTDataValueFormater.m */ = {isa = PBXFileReference; lastKnownFileType = sourcecode.c.objc; path = JXTDataValueFormater.m; sourceTree = "<group>"; };
		745061E6227746CF00447FEC /* JXTFolderController.h */ = {isa = PBXFileReference; lastKnownFileType = sourcecode.c.h; path = JXTFolderController.h; sourceTree = "<group>"; };
		745061E7227746CF00447FEC /* JXTFolderController.m */ = {isa = PBXFileReference; lastKnownFileType = sourcecode.c.objc; path = JXTFolderController.m; sourceTree = "<group>"; };
		7453BED3225CE1FA002728FE /* JXTAlertViewController.h */ = {isa = PBXFileReference; lastKnownFileType = sourcecode.c.h; path = JXTAlertViewController.h; sourceTree = "<group>"; };
		7453BED4225CE1FA002728FE /* JXTAlertViewController.m */ = {isa = PBXFileReference; lastKnownFileType = sourcecode.c.objc; path = JXTAlertViewController.m; sourceTree = "<group>"; };
		748B1880222D779A001111D5 /* JXTInfoDetails.h */ = {isa = PBXFileReference; lastKnownFileType = sourcecode.c.h; path = JXTInfoDetails.h; sourceTree = "<group>"; };
		748B1881222D779A001111D5 /* JXTInfoDetails.m */ = {isa = PBXFileReference; lastKnownFileType = sourcecode.c.objc; path = JXTInfoDetails.m; sourceTree = "<group>"; };
		749929F7225E18360031899A /* JXTConnectController.h */ = {isa = PBXFileReference; lastKnownFileType = sourcecode.c.h; path = JXTConnectController.h; sourceTree = "<group>"; };
		749929F8225E18360031899A /* JXTConnectController.m */ = {isa = PBXFileReference; lastKnownFileType = sourcecode.c.objc; path = JXTConnectController.m; sourceTree = "<group>"; };
		749929FA225E193E0031899A /* JXTDeviceListController.h */ = {isa = PBXFileReference; lastKnownFileType = sourcecode.c.h; path = JXTDeviceListController.h; sourceTree = "<group>"; };
		749929FB225E193E0031899A /* JXTDeviceListController.m */ = {isa = PBXFileReference; lastKnownFileType = sourcecode.c.objc; path = JXTDeviceListController.m; sourceTree = "<group>"; };
		749929FF225E23A00031899A /* JXTPeripheralCell.h */ = {isa = PBXFileReference; lastKnownFileType = sourcecode.c.h; path = JXTPeripheralCell.h; sourceTree = "<group>"; };
		74992A00225E23A00031899A /* JXTPeripheralCell.m */ = {isa = PBXFileReference; lastKnownFileType = sourcecode.c.objc; path = JXTPeripheralCell.m; sourceTree = "<group>"; };
		749E171A232CF79800C5E2BE /* en */ = {isa = PBXFileReference; lastKnownFileType = text.plist.strings; name = en; path = en.lproj/Localizable.strings; sourceTree = "<group>"; };
		749E171C232CF7A100C5E2BE /* zh-Hans */ = {isa = PBXFileReference; lastKnownFileType = text.plist.strings; name = "zh-Hans"; path = "zh-Hans.lproj/Localizable.strings"; sourceTree = "<group>"; };
		74A89D62224691970040B6B7 /* BMS-Bridging-Header.h */ = {isa = PBXFileReference; lastKnownFileType = sourcecode.c.h; path = "BMS-Bridging-Header.h"; sourceTree = "<group>"; };
		74A89D63224691970040B6B7 /* bridge.swift */ = {isa = PBXFileReference; lastKnownFileType = sourcecode.swift; path = bridge.swift; sourceTree = "<group>"; };
		74AF3EF22237DD6E00D6B2D7 /* JXTCounterViewController.h */ = {isa = PBXFileReference; fileEncoding = 4; lastKnownFileType = sourcecode.c.h; path = JXTCounterViewController.h; sourceTree = "<group>"; };
		74AF3EF32237DD6E00D6B2D7 /* JXTCounterViewController.m */ = {isa = PBXFileReference; fileEncoding = 4; lastKnownFileType = sourcecode.c.objc; path = JXTCounterViewController.m; sourceTree = "<group>"; };
		74C5A3CE226DF07E00C49BB1 /* JXTPasswordController.h */ = {isa = PBXFileReference; lastKnownFileType = sourcecode.c.h; path = JXTPasswordController.h; sourceTree = "<group>"; };
		74C5A3CF226DF07E00C49BB1 /* JXTPasswordController.m */ = {isa = PBXFileReference; lastKnownFileType = sourcecode.c.objc; path = JXTPasswordController.m; sourceTree = "<group>"; };
		74C5A3D2226DF30D00C49BB1 /* JXTLineButton.h */ = {isa = PBXFileReference; lastKnownFileType = sourcecode.c.h; path = JXTLineButton.h; sourceTree = "<group>"; };
		74C5A3D3226DF30D00C49BB1 /* JXTLineButton.m */ = {isa = PBXFileReference; lastKnownFileType = sourcecode.c.objc; path = JXTLineButton.m; sourceTree = "<group>"; };
		74CE23C422637AF2003E10A2 /* JXTControlButton.h */ = {isa = PBXFileReference; lastKnownFileType = sourcecode.c.h; path = JXTControlButton.h; sourceTree = "<group>"; };
		74CE23C522637AF2003E10A2 /* JXTControlButton.m */ = {isa = PBXFileReference; lastKnownFileType = sourcecode.c.objc; path = JXTControlButton.m; sourceTree = "<group>"; };
		74D577E0226C3D8E00D06E87 /* JXTParamCell.h */ = {isa = PBXFileReference; lastKnownFileType = sourcecode.c.h; path = JXTParamCell.h; sourceTree = "<group>"; };
		74D577E1226C3D8E00D06E87 /* JXTParamCell.m */ = {isa = PBXFileReference; lastKnownFileType = sourcecode.c.objc; path = JXTParamCell.m; sourceTree = "<group>"; };
		74D577E3226C45B700D06E87 /* JXTBMSSettingCell.h */ = {isa = PBXFileReference; fileEncoding = 4; lastKnownFileType = sourcecode.c.h; path = JXTBMSSettingCell.h; sourceTree = "<group>"; };
		74D577E4226C45B800D06E87 /* JXTBMSSettingCell.m */ = {isa = PBXFileReference; fileEncoding = 4; lastKnownFileType = sourcecode.c.objc; path = JXTBMSSettingCell.m; sourceTree = "<group>"; };
		74D577E6226C728B00D06E87 /* JXTBMSSettingController.m */ = {isa = PBXFileReference; fileEncoding = 4; lastKnownFileType = sourcecode.c.objc; path = JXTBMSSettingController.m; sourceTree = "<group>"; };
		74D577E7226C728C00D06E87 /* JXTBMSSettingController.h */ = {isa = PBXFileReference; fileEncoding = 4; lastKnownFileType = sourcecode.c.h; path = JXTBMSSettingController.h; sourceTree = "<group>"; };
		74D577E9226C828900D06E87 /* JXTSystemController.h */ = {isa = PBXFileReference; lastKnownFileType = sourcecode.c.h; path = JXTSystemController.h; sourceTree = "<group>"; };
		74D577EA226C828900D06E87 /* JXTSystemController.m */ = {isa = PBXFileReference; lastKnownFileType = sourcecode.c.objc; path = JXTSystemController.m; sourceTree = "<group>"; };
		74D577EC226C82CD00D06E87 /* JXTSystemCell.h */ = {isa = PBXFileReference; lastKnownFileType = sourcecode.c.h; path = JXTSystemCell.h; sourceTree = "<group>"; };
		74D577ED226C82CD00D06E87 /* JXTSystemCell.m */ = {isa = PBXFileReference; lastKnownFileType = sourcecode.c.objc; path = JXTSystemCell.m; sourceTree = "<group>"; };
		74D577EF226C86BC00D06E87 /* JXTAboutUsController.h */ = {isa = PBXFileReference; lastKnownFileType = sourcecode.c.h; path = JXTAboutUsController.h; sourceTree = "<group>"; };
		74D577F0226C86BC00D06E87 /* JXTAboutUsController.m */ = {isa = PBXFileReference; lastKnownFileType = sourcecode.c.objc; path = JXTAboutUsController.m; sourceTree = "<group>"; };
		74D577F2226C8B9E00D06E87 /* JXTWebViewController.h */ = {isa = PBXFileReference; lastKnownFileType = sourcecode.c.h; path = JXTWebViewController.h; sourceTree = "<group>"; };
		74D577F3226C8B9E00D06E87 /* JXTWebViewController.m */ = {isa = PBXFileReference; lastKnownFileType = sourcecode.c.objc; path = JXTWebViewController.m; sourceTree = "<group>"; };
		74F22142224F6BEF005A776E /* JXTRealtimeStatusController.h */ = {isa = PBXFileReference; lastKnownFileType = sourcecode.c.h; path = JXTRealtimeStatusController.h; sourceTree = "<group>"; };
		74F22143224F6BEF005A776E /* JXTRealtimeStatusController.m */ = {isa = PBXFileReference; lastKnownFileType = sourcecode.c.objc; path = JXTRealtimeStatusController.m; sourceTree = "<group>"; };
		74F22146224F6C34005A776E /* JXTDynamicCurveController.h */ = {isa = PBXFileReference; lastKnownFileType = sourcecode.c.h; path = JXTDynamicCurveController.h; sourceTree = "<group>"; };
		74F22147224F6C34005A776E /* JXTDynamicCurveController.m */ = {isa = PBXFileReference; lastKnownFileType = sourcecode.c.objc; path = JXTDynamicCurveController.m; sourceTree = "<group>"; };
		74F22149224F6C6B005A776E /* JXTParameterSettingController.h */ = {isa = PBXFileReference; lastKnownFileType = sourcecode.c.h; path = JXTParameterSettingController.h; sourceTree = "<group>"; };
		74F2214A224F6C6B005A776E /* JXTParameterSettingController.m */ = {isa = PBXFileReference; lastKnownFileType = sourcecode.c.objc; path = JXTParameterSettingController.m; sourceTree = "<group>"; };
		74F2214C224F6CAB005A776E /* JXTCommandController.h */ = {isa = PBXFileReference; lastKnownFileType = sourcecode.c.h; path = JXTCommandController.h; sourceTree = "<group>"; };
		74F2214D224F6CAB005A776E /* JXTCommandController.m */ = {isa = PBXFileReference; lastKnownFileType = sourcecode.c.objc; path = JXTCommandController.m; sourceTree = "<group>"; };
		74F2214F224F6CC2005A776E /* JXTMarketController.h */ = {isa = PBXFileReference; lastKnownFileType = sourcecode.c.h; path = JXTMarketController.h; sourceTree = "<group>"; };
		74F22150224F6CC2005A776E /* JXTMarketController.m */ = {isa = PBXFileReference; lastKnownFileType = sourcecode.c.objc; path = JXTMarketController.m; sourceTree = "<group>"; };
		74F22153224F7640005A776E /* JXTRealtimeHeaderView.h */ = {isa = PBXFileReference; lastKnownFileType = sourcecode.c.h; path = JXTRealtimeHeaderView.h; sourceTree = "<group>"; };
		74F22154224F7640005A776E /* JXTRealtimeHeaderView.m */ = {isa = PBXFileReference; lastKnownFileType = sourcecode.c.objc; path = JXTRealtimeHeaderView.m; sourceTree = "<group>"; };
		84202C5E22150B3B006CEE35 /* JXTBaseResponderController.m */ = {isa = PBXFileReference; fileEncoding = 4; lastKnownFileType = sourcecode.c.objc; path = JXTBaseResponderController.m; sourceTree = "<group>"; };
		84202C5F22150B3B006CEE35 /* JXTBaseResponderController.h */ = {isa = PBXFileReference; fileEncoding = 4; lastKnownFileType = sourcecode.c.h; path = JXTBaseResponderController.h; sourceTree = "<group>"; };
		84202C71221666E8006CEE35 /* JXTCharacter.h */ = {isa = PBXFileReference; lastKnownFileType = sourcecode.c.h; path = JXTCharacter.h; sourceTree = "<group>"; };
		84202C72221666E8006CEE35 /* JXTCharacter.m */ = {isa = PBXFileReference; lastKnownFileType = sourcecode.c.objc; path = JXTCharacter.m; sourceTree = "<group>"; };
		842AA3C62223838C0092E813 /* JXTBluetooth.h */ = {isa = PBXFileReference; lastKnownFileType = sourcecode.c.h; path = JXTBluetooth.h; sourceTree = "<group>"; };
		842AA3C72223838C0092E813 /* JXTBluetooth.m */ = {isa = PBXFileReference; lastKnownFileType = sourcecode.c.objc; path = JXTBluetooth.m; sourceTree = "<group>"; };
		8437B8712228FD7A006A08F0 /* JXTFunctionView.m */ = {isa = PBXFileReference; fileEncoding = 4; lastKnownFileType = sourcecode.c.objc; path = JXTFunctionView.m; sourceTree = "<group>"; };
		8437B8722228FD7A006A08F0 /* JXTFunctionView.h */ = {isa = PBXFileReference; fileEncoding = 4; lastKnownFileType = sourcecode.c.h; path = JXTFunctionView.h; sourceTree = "<group>"; };
		8437B874222F6A43006A08F0 /* JXTDoubleCharacter.h */ = {isa = PBXFileReference; lastKnownFileType = sourcecode.c.h; path = JXTDoubleCharacter.h; sourceTree = "<group>"; };
		8437B875222F6A43006A08F0 /* JXTDoubleCharacter.m */ = {isa = PBXFileReference; lastKnownFileType = sourcecode.c.objc; path = JXTDoubleCharacter.m; sourceTree = "<group>"; };
		84875DEE21B1354E0084029A /* BMS.app */ = {isa = PBXFileReference; explicitFileType = wrapper.application; includeInIndex = 0; path = BMS.app; sourceTree = BUILT_PRODUCTS_DIR; };
		84875DF121B1354E0084029A /* JXTAppDelegate.h */ = {isa = PBXFileReference; lastKnownFileType = sourcecode.c.h; path = JXTAppDelegate.h; sourceTree = "<group>"; };
		84875DF221B1354E0084029A /* JXTAppDelegate.m */ = {isa = PBXFileReference; lastKnownFileType = sourcecode.c.objc; path = JXTAppDelegate.m; sourceTree = "<group>"; };
		84875DFA21B1355C0084029A /* Assets.xcassets */ = {isa = PBXFileReference; lastKnownFileType = folder.assetcatalog; path = Assets.xcassets; sourceTree = "<group>"; };
		84875DFF21B1355C0084029A /* Info.plist */ = {isa = PBXFileReference; lastKnownFileType = text.plist.xml; path = Info.plist; sourceTree = "<group>"; };
		84875E0021B1355C0084029A /* main.m */ = {isa = PBXFileReference; lastKnownFileType = sourcecode.c.objc; path = main.m; sourceTree = "<group>"; };
		84875E0821B1368E0084029A /* CoreBluetooth.framework */ = {isa = PBXFileReference; lastKnownFileType = wrapper.framework; name = CoreBluetooth.framework; path = System/Library/Frameworks/CoreBluetooth.framework; sourceTree = SDKROOT; };
		84875E0E21B137B80084029A /* JXTPrefixHeader.pch */ = {isa = PBXFileReference; fileEncoding = 4; lastKnownFileType = sourcecode.c.h; path = JXTPrefixHeader.pch; sourceTree = "<group>"; };
		84875EC121B139980084029A /* UIApplication+JXTCategory.m */ = {isa = PBXFileReference; fileEncoding = 4; lastKnownFileType = sourcecode.c.objc; path = "UIApplication+JXTCategory.m"; sourceTree = "<group>"; };
		84875EC221B139980084029A /* UIApplication+JXTCategory.h */ = {isa = PBXFileReference; fileEncoding = 4; lastKnownFileType = sourcecode.c.h; path = "UIApplication+JXTCategory.h"; sourceTree = "<group>"; };
		84875EDC21B139980084029A /* JXTGlobalMacro.h */ = {isa = PBXFileReference; fileEncoding = 4; lastKnownFileType = sourcecode.c.h; path = JXTGlobalMacro.h; sourceTree = "<group>"; };
		84875EF621B13A480084029A /* JXTAppInfo.h */ = {isa = PBXFileReference; fileEncoding = 4; lastKnownFileType = sourcecode.c.h; path = JXTAppInfo.h; sourceTree = "<group>"; };
		84875EF721B13A480084029A /* JXTAppInfo.m */ = {isa = PBXFileReference; fileEncoding = 4; lastKnownFileType = sourcecode.c.objc; path = JXTAppInfo.m; sourceTree = "<group>"; };
		84875F2321B13B500084029A /* UITableView+JXTCategory.m */ = {isa = PBXFileReference; fileEncoding = 4; lastKnownFileType = sourcecode.c.objc; path = "UITableView+JXTCategory.m"; sourceTree = "<group>"; };
		84875F2421B13B500084029A /* UIImageView+JXTCategory.m */ = {isa = PBXFileReference; fileEncoding = 4; lastKnownFileType = sourcecode.c.objc; path = "UIImageView+JXTCategory.m"; sourceTree = "<group>"; };
		84875F2521B13B500084029A /* WKWebView+JXTCategory.m */ = {isa = PBXFileReference; fileEncoding = 4; lastKnownFileType = sourcecode.c.objc; path = "WKWebView+JXTCategory.m"; sourceTree = "<group>"; };
		84875F2621B13B500084029A /* UIView+JXTCategory.h */ = {isa = PBXFileReference; fileEncoding = 4; lastKnownFileType = sourcecode.c.h; path = "UIView+JXTCategory.h"; sourceTree = "<group>"; };
		84875F2721B13B500084029A /* UITextField+Shake.h */ = {isa = PBXFileReference; fileEncoding = 4; lastKnownFileType = sourcecode.c.h; path = "UITextField+Shake.h"; sourceTree = "<group>"; };
		84875F2821B13B500084029A /* UIView+JXTCategory.m */ = {isa = PBXFileReference; fileEncoding = 4; lastKnownFileType = sourcecode.c.objc; path = "UIView+JXTCategory.m"; sourceTree = "<group>"; };
		84875F2921B13B500084029A /* WKWebView+JXTCategory.h */ = {isa = PBXFileReference; fileEncoding = 4; lastKnownFileType = sourcecode.c.h; path = "WKWebView+JXTCategory.h"; sourceTree = "<group>"; };
		84875F2A21B13B500084029A /* UISearchBar+JXTCategory.m */ = {isa = PBXFileReference; fileEncoding = 4; lastKnownFileType = sourcecode.c.objc; path = "UISearchBar+JXTCategory.m"; sourceTree = "<group>"; };
		84875F2B21B13B500084029A /* UILabel+JXTCategory.m */ = {isa = PBXFileReference; fileEncoding = 4; lastKnownFileType = sourcecode.c.objc; path = "UILabel+JXTCategory.m"; sourceTree = "<group>"; };
		84875F2C21B13B500084029A /* UIImageView+JXTCategory.h */ = {isa = PBXFileReference; fileEncoding = 4; lastKnownFileType = sourcecode.c.h; path = "UIImageView+JXTCategory.h"; sourceTree = "<group>"; };
		84875F2D21B13B500084029A /* UIButton+JXTCategory.h */ = {isa = PBXFileReference; fileEncoding = 4; lastKnownFileType = sourcecode.c.h; path = "UIButton+JXTCategory.h"; sourceTree = "<group>"; };
		84875F2E21B13B500084029A /* UILabel+JXTCategory.h */ = {isa = PBXFileReference; fileEncoding = 4; lastKnownFileType = sourcecode.c.h; path = "UILabel+JXTCategory.h"; sourceTree = "<group>"; };
		84875F2F21B13B500084029A /* UITableView+JXTCategory.h */ = {isa = PBXFileReference; fileEncoding = 4; lastKnownFileType = sourcecode.c.h; path = "UITableView+JXTCategory.h"; sourceTree = "<group>"; };
		84875F3021B13B500084029A /* UITextField+Shake.m */ = {isa = PBXFileReference; fileEncoding = 4; lastKnownFileType = sourcecode.c.objc; path = "UITextField+Shake.m"; sourceTree = "<group>"; };
		84875F3121B13B500084029A /* UIButton+JXTCategory.m */ = {isa = PBXFileReference; fileEncoding = 4; lastKnownFileType = sourcecode.c.objc; path = "UIButton+JXTCategory.m"; sourceTree = "<group>"; };
		84875F3221B13B500084029A /* UISearchBar+JXTCategory.h */ = {isa = PBXFileReference; fileEncoding = 4; lastKnownFileType = sourcecode.c.h; path = "UISearchBar+JXTCategory.h"; sourceTree = "<group>"; };
		84875F3B21B13B720084029A /* UIViewController+KeyboardAnimation.m */ = {isa = PBXFileReference; fileEncoding = 4; lastKnownFileType = sourcecode.c.objc; path = "UIViewController+KeyboardAnimation.m"; sourceTree = "<group>"; };
		84875F3C21B13B720084029A /* UIViewController+KeyboardAnimation.h */ = {isa = PBXFileReference; fileEncoding = 4; lastKnownFileType = sourcecode.c.h; path = "UIViewController+KeyboardAnimation.h"; sourceTree = "<group>"; };
		84875F3D21B13B720084029A /* UIViewController+ShouldAutorotate.h */ = {isa = PBXFileReference; fileEncoding = 4; lastKnownFileType = sourcecode.c.h; path = "UIViewController+ShouldAutorotate.h"; sourceTree = "<group>"; };
		84875F3E21B13B720084029A /* UIViewController+JXTCategory.m */ = {isa = PBXFileReference; fileEncoding = 4; lastKnownFileType = sourcecode.c.objc; path = "UIViewController+JXTCategory.m"; sourceTree = "<group>"; };
		84875F3F21B13B720084029A /* UIViewController+JXTCategory.h */ = {isa = PBXFileReference; fileEncoding = 4; lastKnownFileType = sourcecode.c.h; path = "UIViewController+JXTCategory.h"; sourceTree = "<group>"; };
		84875F4021B13B720084029A /* UIViewController+ShouldAutorotate.m */ = {isa = PBXFileReference; fileEncoding = 4; lastKnownFileType = sourcecode.c.objc; path = "UIViewController+ShouldAutorotate.m"; sourceTree = "<group>"; };
		84875F4421B13B8B0084029A /* UIColor+JXTCategory.m */ = {isa = PBXFileReference; fileEncoding = 4; lastKnownFileType = sourcecode.c.objc; path = "UIColor+JXTCategory.m"; sourceTree = "<group>"; };
		84875F4521B13B8B0084029A /* UIImage+JXTCategory.m */ = {isa = PBXFileReference; fileEncoding = 4; lastKnownFileType = sourcecode.c.objc; path = "UIImage+JXTCategory.m"; sourceTree = "<group>"; };
		84875F4621B13B8B0084029A /* NSString+JXTCategory.h */ = {isa = PBXFileReference; fileEncoding = 4; lastKnownFileType = sourcecode.c.h; path = "NSString+JXTCategory.h"; sourceTree = "<group>"; };
		84875F4721B13B8B0084029A /* NSArray+JXTCategory.m */ = {isa = PBXFileReference; fileEncoding = 4; lastKnownFileType = sourcecode.c.objc; path = "NSArray+JXTCategory.m"; sourceTree = "<group>"; };
		84875F4821B13B8B0084029A /* NSDate+JXTCategory.m */ = {isa = PBXFileReference; fileEncoding = 4; lastKnownFileType = sourcecode.c.objc; path = "NSDate+JXTCategory.m"; sourceTree = "<group>"; };
		84875F4921B13B8B0084029A /* NSDictionary+JXTCategory.h */ = {isa = PBXFileReference; fileEncoding = 4; lastKnownFileType = sourcecode.c.h; path = "NSDictionary+JXTCategory.h"; sourceTree = "<group>"; };
		84875F4A21B13B8B0084029A /* UIResponder+JXTCatagory.m */ = {isa = PBXFileReference; fileEncoding = 4; lastKnownFileType = sourcecode.c.objc; path = "UIResponder+JXTCatagory.m"; sourceTree = "<group>"; };
		84875F4B21B13B8B0084029A /* NSString+JXTCategory.m */ = {isa = PBXFileReference; fileEncoding = 4; lastKnownFileType = sourcecode.c.objc; path = "NSString+JXTCategory.m"; sourceTree = "<group>"; };
		84875F4C21B13B8B0084029A /* NSArray+JXTCategory.h */ = {isa = PBXFileReference; fileEncoding = 4; lastKnownFileType = sourcecode.c.h; path = "NSArray+JXTCategory.h"; sourceTree = "<group>"; };
		84875F4D21B13B8B0084029A /* NSAttributedString+JXTCategory.h */ = {isa = PBXFileReference; fileEncoding = 4; lastKnownFileType = sourcecode.c.h; path = "NSAttributedString+JXTCategory.h"; sourceTree = "<group>"; };
		84875F4E21B13B8B0084029A /* UIColor+JXTCategory.h */ = {isa = PBXFileReference; fileEncoding = 4; lastKnownFileType = sourcecode.c.h; path = "UIColor+JXTCategory.h"; sourceTree = "<group>"; };
		84875F4F21B13B8B0084029A /* NSDate+JXTCategory.h */ = {isa = PBXFileReference; fileEncoding = 4; lastKnownFileType = sourcecode.c.h; path = "NSDate+JXTCategory.h"; sourceTree = "<group>"; };
		84875F5021B13B8B0084029A /* UIResponder+JXTCatagory.h */ = {isa = PBXFileReference; fileEncoding = 4; lastKnownFileType = sourcecode.c.h; path = "UIResponder+JXTCatagory.h"; sourceTree = "<group>"; };
		84875F5121B13B8B0084029A /* NSDictionary+JXTCategory.m */ = {isa = PBXFileReference; fileEncoding = 4; lastKnownFileType = sourcecode.c.objc; path = "NSDictionary+JXTCategory.m"; sourceTree = "<group>"; };
		84875F5221B13B8B0084029A /* NSAttributedString+JXTCategory.m */ = {isa = PBXFileReference; fileEncoding = 4; lastKnownFileType = sourcecode.c.objc; path = "NSAttributedString+JXTCategory.m"; sourceTree = "<group>"; };
		84875F5321B13B8B0084029A /* UIImage+JXTCategory.h */ = {isa = PBXFileReference; fileEncoding = 4; lastKnownFileType = sourcecode.c.h; path = "UIImage+JXTCategory.h"; sourceTree = "<group>"; };
		84875F5D21B13C750084029A /* JXTTabBarController.m */ = {isa = PBXFileReference; fileEncoding = 4; lastKnownFileType = sourcecode.c.objc; path = JXTTabBarController.m; sourceTree = "<group>"; };
		84875F5E21B13C750084029A /* JXTTabBarController.h */ = {isa = PBXFileReference; fileEncoding = 4; lastKnownFileType = sourcecode.c.h; path = JXTTabBarController.h; sourceTree = "<group>"; };
		84875F5F21B13C750084029A /* JXTNavigationController.h */ = {isa = PBXFileReference; fileEncoding = 4; lastKnownFileType = sourcecode.c.h; path = JXTNavigationController.h; sourceTree = "<group>"; };
		84875F6021B13C750084029A /* JXTNavigationController.m */ = {isa = PBXFileReference; fileEncoding = 4; lastKnownFileType = sourcecode.c.objc; path = JXTNavigationController.m; sourceTree = "<group>"; };
		84875F7721B13C920084029A /* JXTOverCurrentViewController.h */ = {isa = PBXFileReference; fileEncoding = 4; lastKnownFileType = sourcecode.c.h; path = JXTOverCurrentViewController.h; sourceTree = "<group>"; };
		84875F7A21B13C920084029A /* JXTSingleRowPickerViewController.h */ = {isa = PBXFileReference; fileEncoding = 4; lastKnownFileType = sourcecode.c.h; path = JXTSingleRowPickerViewController.h; sourceTree = "<group>"; };
		84875F7C21B13C920084029A /* JXTOverCurrentViewController.m */ = {isa = PBXFileReference; fileEncoding = 4; lastKnownFileType = sourcecode.c.objc; path = JXTOverCurrentViewController.m; sourceTree = "<group>"; };
		84875F7E21B13C920084029A /* JXTSingleRowPickerViewController.m */ = {isa = PBXFileReference; fileEncoding = 4; lastKnownFileType = sourcecode.c.objc; path = JXTSingleRowPickerViewController.m; sourceTree = "<group>"; };
		84875F8421B13CC60084029A /* JXTButton.m */ = {isa = PBXFileReference; fileEncoding = 4; lastKnownFileType = sourcecode.c.objc; path = JXTButton.m; sourceTree = "<group>"; };
		84875F8621B13CC60084029A /* JXTCustomTabBar.h */ = {isa = PBXFileReference; fileEncoding = 4; lastKnownFileType = sourcecode.c.h; path = JXTCustomTabBar.h; sourceTree = "<group>"; };
		84875F8B21B13CC70084029A /* JXTButton.h */ = {isa = PBXFileReference; fileEncoding = 4; lastKnownFileType = sourcecode.c.h; path = JXTButton.h; sourceTree = "<group>"; };
		84875F8C21B13CC70084029A /* JXTCustomTabBar.m */ = {isa = PBXFileReference; fileEncoding = 4; lastKnownFileType = sourcecode.c.objc; path = JXTCustomTabBar.m; sourceTree = "<group>"; };
		84875FB221B526BA0084029A /* BabyPeripheralManager.m */ = {isa = PBXFileReference; fileEncoding = 4; lastKnownFileType = sourcecode.c.objc; path = BabyPeripheralManager.m; sourceTree = "<group>"; };
		84875FB321B526BA0084029A /* BabySpeaker.m */ = {isa = PBXFileReference; fileEncoding = 4; lastKnownFileType = sourcecode.c.objc; path = BabySpeaker.m; sourceTree = "<group>"; };
		84875FB421B526BA0084029A /* BabyCentralManager.m */ = {isa = PBXFileReference; fileEncoding = 4; lastKnownFileType = sourcecode.c.objc; path = BabyCentralManager.m; sourceTree = "<group>"; };
		84875FB521B526BA0084029A /* BabyDefine.m */ = {isa = PBXFileReference; fileEncoding = 4; lastKnownFileType = sourcecode.c.objc; path = BabyDefine.m; sourceTree = "<group>"; };
		84875FB621B526BA0084029A /* BabyBluetooth.h */ = {isa = PBXFileReference; fileEncoding = 4; lastKnownFileType = sourcecode.c.h; path = BabyBluetooth.h; sourceTree = "<group>"; };
		84875FB721B526BA0084029A /* BabyPeripheralManager.h */ = {isa = PBXFileReference; fileEncoding = 4; lastKnownFileType = sourcecode.c.h; path = BabyPeripheralManager.h; sourceTree = "<group>"; };
		84875FB821B526BA0084029A /* BabyOptions.m */ = {isa = PBXFileReference; fileEncoding = 4; lastKnownFileType = sourcecode.c.objc; path = BabyOptions.m; sourceTree = "<group>"; };
		84875FB921B526BA0084029A /* BabyCallback.h */ = {isa = PBXFileReference; fileEncoding = 4; lastKnownFileType = sourcecode.c.h; path = BabyCallback.h; sourceTree = "<group>"; };
		84875FBA21B526BA0084029A /* BabyBluetooth.m */ = {isa = PBXFileReference; fileEncoding = 4; lastKnownFileType = sourcecode.c.objc; path = BabyBluetooth.m; sourceTree = "<group>"; };
		84875FBB21B526BA0084029A /* BabyCentralManager.h */ = {isa = PBXFileReference; fileEncoding = 4; lastKnownFileType = sourcecode.c.h; path = BabyCentralManager.h; sourceTree = "<group>"; };
		84875FBC21B526BA0084029A /* BabyToy.h */ = {isa = PBXFileReference; fileEncoding = 4; lastKnownFileType = sourcecode.c.h; path = BabyToy.h; sourceTree = "<group>"; };
		84875FBD21B526BA0084029A /* BabyToy.m */ = {isa = PBXFileReference; fileEncoding = 4; lastKnownFileType = sourcecode.c.objc; path = BabyToy.m; sourceTree = "<group>"; };
		84875FBE21B526BB0084029A /* BabyRhythm.h */ = {isa = PBXFileReference; fileEncoding = 4; lastKnownFileType = sourcecode.c.h; path = BabyRhythm.h; sourceTree = "<group>"; };
		84875FBF21B526BB0084029A /* BabyDefine.h */ = {isa = PBXFileReference; fileEncoding = 4; lastKnownFileType = sourcecode.c.h; path = BabyDefine.h; sourceTree = "<group>"; };
		84875FC021B526BB0084029A /* BabyCallback.m */ = {isa = PBXFileReference; fileEncoding = 4; lastKnownFileType = sourcecode.c.objc; path = BabyCallback.m; sourceTree = "<group>"; };
		84875FC121B526BB0084029A /* BabyRhythm.m */ = {isa = PBXFileReference; fileEncoding = 4; lastKnownFileType = sourcecode.c.objc; path = BabyRhythm.m; sourceTree = "<group>"; };
		84875FC221B526BB0084029A /* BabySpeaker.h */ = {isa = PBXFileReference; fileEncoding = 4; lastKnownFileType = sourcecode.c.h; path = BabySpeaker.h; sourceTree = "<group>"; };
		84875FC321B526BB0084029A /* BabyOptions.h */ = {isa = PBXFileReference; fileEncoding = 4; lastKnownFileType = sourcecode.c.h; path = BabyOptions.h; sourceTree = "<group>"; };
		849205F32227B1A60013BACC /* JXTBatteryInfoManager.h */ = {isa = PBXFileReference; lastKnownFileType = sourcecode.c.h; path = JXTBatteryInfoManager.h; sourceTree = "<group>"; };
		849205F42227B1A60013BACC /* JXTBatteryInfoManager.m */ = {isa = PBXFileReference; lastKnownFileType = sourcecode.c.objc; path = JXTBatteryInfoManager.m; sourceTree = "<group>"; };
		AFE2BD871BB47A30806629F0 /* Pods-BMS.release.xcconfig */ = {isa = PBXFileReference; includeInIndex = 1; lastKnownFileType = text.xcconfig; name = "Pods-BMS.release.xcconfig"; path = "Target Support Files/Pods-BMS/Pods-BMS.release.xcconfig"; sourceTree = "<group>"; };
/* End PBXFileReference section */

/* Begin PBXFrameworksBuildPhase section */
		84875DEB21B1354D0084029A /* Frameworks */ = {
			isa = PBXFrameworksBuildPhase;
			buildActionMask = 2147483647;
			files = (
				84875E0921B1368E0084029A /* CoreBluetooth.framework in Frameworks */,
				F93B9ED88170D01233B6E75D /* Pods_BMS.framework in Frameworks */,
			);
			runOnlyForDeploymentPostprocessing = 0;
		};
/* End PBXFrameworksBuildPhase section */

/* Begin PBXGroup section */
		74F22152224F75F8005A776E /* JXTRealtimeView */ = {
			isa = PBXGroup;
			children = (
				74F22153224F7640005A776E /* JXTRealtimeHeaderView.h */,
				74F22154224F7640005A776E /* JXTRealtimeHeaderView.m */,
			);
			path = JXTRealtimeView;
			sourceTree = "<group>";
		};
		84202C6422151764006CEE35 /* TableViewCell */ = {
			isa = PBXGroup;
			children = (
				742FE38F225077AC0036B09F /* JXTBatteryCell.h */,
				742FE390225077AC0036B09F /* JXTBatteryCell.m */,
				749929FF225E23A00031899A /* JXTPeripheralCell.h */,
				74992A00225E23A00031899A /* JXTPeripheralCell.m */,
				742D5C0222677080004BB4DF /* JXTLogCell.h */,
				742D5C0322677080004BB4DF /* JXTLogCell.m */,
				74D577E0226C3D8E00D06E87 /* JXTParamCell.h */,
				74D577E1226C3D8E00D06E87 /* JXTParamCell.m */,
				74D577E3226C45B700D06E87 /* JXTBMSSettingCell.h */,
				74D577E4226C45B800D06E87 /* JXTBMSSettingCell.m */,
				74D577EC226C82CD00D06E87 /* JXTSystemCell.h */,
				74D577ED226C82CD00D06E87 /* JXTSystemCell.m */,
				743E4F972271E0E900EEC0B3 /* JXTFileCell.h */,
				743E4F982271E0E900EEC0B3 /* JXTFileCell.m */,
				740D8844226F2E1C003E0F00 /* JXTMarketCell.h */,
				740D8845226F2E1C003E0F00 /* JXTMarketCell.m */,
			);
			path = TableViewCell;
			sourceTree = "<group>";
		};
		84875DE521B1354D0084029A = {
			isa = PBXGroup;
			children = (
				749E171B232CF79800C5E2BE /* Localizable.strings */,
				84875DF021B1354E0084029A /* BMS */,
				84875DEF21B1354E0084029A /* Products */,
				84875E0721B1368E0084029A /* Frameworks */,
				F0DC3271CF982CF752FB7288 /* Pods */,
			);
			sourceTree = "<group>";
		};
		84875DEF21B1354E0084029A /* Products */ = {
			isa = PBXGroup;
			children = (
				84875DEE21B1354E0084029A /* BMS.app */,
			);
			name = Products;
			sourceTree = "<group>";
		};
		84875DF021B1354E0084029A /* BMS */ = {
			isa = PBXGroup;
			children = (
				84875DF121B1354E0084029A /* JXTAppDelegate.h */,
				84875DF221B1354E0084029A /* JXTAppDelegate.m */,
				84875E0E21B137B80084029A /* JXTPrefixHeader.pch */,
				74A89D63224691970040B6B7 /* bridge.swift */,
				84875E0B21B137180084029A /* ViewController */,
				84875E0D21B137180084029A /* View */,
				84875E0A21B137180084029A /* Model */,
				84875E0C21B137180084029A /* Utilities */,
				84875DFA21B1355C0084029A /* Assets.xcassets */,
				84875DFF21B1355C0084029A /* Info.plist */,
				84875E0021B1355C0084029A /* main.m */,
				74A89D62224691970040B6B7 /* BMS-Bridging-Header.h */,
			);
			path = BMS;
			sourceTree = "<group>";
		};
		84875E0721B1368E0084029A /* Frameworks */ = {
			isa = PBXGroup;
			children = (
				84875E0821B1368E0084029A /* CoreBluetooth.framework */,
				3BC865BA85AABBBF394FD0F8 /* Pods_BMS.framework */,
			);
			name = Frameworks;
			sourceTree = "<group>";
		};
		84875E0A21B137180084029A /* Model */ = {
			isa = PBXGroup;
			children = (
				742AD1EC223376EF00350D30 /* JXTCharacterManager.h */,
				742AD1ED223376EF00350D30 /* JXTCharacterManager.m */,
				84202C71221666E8006CEE35 /* JXTCharacter.h */,
				84202C72221666E8006CEE35 /* JXTCharacter.m */,
				8437B874222F6A43006A08F0 /* JXTDoubleCharacter.h */,
				8437B875222F6A43006A08F0 /* JXTDoubleCharacter.m */,
				7410EAF0227F1D63002CE0F2 /* JXTLongCharacter.h */,
				7410EAF1227F1D63002CE0F2 /* JXTLongCharacter.m */,
				849205F32227B1A60013BACC /* JXTBatteryInfoManager.h */,
				849205F42227B1A60013BACC /* JXTBatteryInfoManager.m */,
				748B1880222D779A001111D5 /* JXTInfoDetails.h */,
				748B1881222D779A001111D5 /* JXTInfoDetails.m */,
				742D5C0822677114004BB4DF /* JXTLogManager.h */,
				742D5C0922677114004BB4DF /* JXTLogManager.m */,
				742D5C05226770F7004BB4DF /* JXTLog.h */,
				742D5C06226770F7004BB4DF /* JXTLog.m */,
				7440AB6022475A3400334361 /* JXTYValueFormater.h */,
				7440AB6122475A3400334361 /* JXTYValueFormater.m */,
				7440AB642247670200334361 /* JXTXValueFormater.h */,
				7440AB652247670200334361 /* JXTXValueFormater.m */,
				7440AB672247733E00334361 /* JXTDataValueFormater.h */,
				7440AB682247733E00334361 /* JXTDataValueFormater.m */,
			);
			path = Model;
			sourceTree = "<group>";
		};
		84875E0B21B137180084029A /* ViewController */ = {
			isa = PBXGroup;
			children = (
				84875EF921B13AB60084029A /* CustomController */,
				74F22142224F6BEF005A776E /* JXTRealtimeStatusController.h */,
				74F22143224F6BEF005A776E /* JXTRealtimeStatusController.m */,
				74F22146224F6C34005A776E /* JXTDynamicCurveController.h */,
				74F22147224F6C34005A776E /* JXTDynamicCurveController.m */,
				74F22149224F6C6B005A776E /* JXTParameterSettingController.h */,
				74F2214A224F6C6B005A776E /* JXTParameterSettingController.m */,
				74F2214C224F6CAB005A776E /* JXTCommandController.h */,
				74F2214D224F6CAB005A776E /* JXTCommandController.m */,
				74D577E7226C728C00D06E87 /* JXTBMSSettingController.h */,
				74D577E6226C728B00D06E87 /* JXTBMSSettingController.m */,
				74D577E9226C828900D06E87 /* JXTSystemController.h */,
				74D577EA226C828900D06E87 /* JXTSystemController.m */,
				745061E6227746CF00447FEC /* JXTFolderController.h */,
				745061E7227746CF00447FEC /* JXTFolderController.m */,
				743E4F932271DFDA00EEC0B3 /* JXTFileViewController.h */,
				743E4F942271DFDA00EEC0B3 /* JXTFileViewController.m */,
				74D577EF226C86BC00D06E87 /* JXTAboutUsController.h */,
				74D577F0226C86BC00D06E87 /* JXTAboutUsController.m */,
				74D577F2226C8B9E00D06E87 /* JXTWebViewController.h */,
				74D577F3226C8B9E00D06E87 /* JXTWebViewController.m */,
				742D5BFE22675D05004BB4DF /* JXTLogViewController.h */,
				742D5BFF22675D05004BB4DF /* JXTLogViewController.m */,
				74C5A3CE226DF07E00C49BB1 /* JXTPasswordController.h */,
				74C5A3CF226DF07E00C49BB1 /* JXTPasswordController.m */,
				74F2214F224F6CC2005A776E /* JXTMarketController.h */,
				74F22150224F6CC2005A776E /* JXTMarketController.m */,
				749929F7225E18360031899A /* JXTConnectController.h */,
				749929F8225E18360031899A /* JXTConnectController.m */,
				749929FA225E193E0031899A /* JXTDeviceListController.h */,
				749929FB225E193E0031899A /* JXTDeviceListController.m */,
			);
			path = ViewController;
			sourceTree = "<group>";
		};
		84875E0C21B137180084029A /* Utilities */ = {
			isa = PBXGroup;
			children = (
				84875EDC21B139980084029A /* JXTGlobalMacro.h */,
				842AA3C62223838C0092E813 /* JXTBluetooth.h */,
				842AA3C72223838C0092E813 /* JXTBluetooth.m */,
				84875EF621B13A480084029A /* JXTAppInfo.h */,
				84875EF721B13A480084029A /* JXTAppInfo.m */,
				742CAD00224530FC00900CEE /* JXTDocumentManager.h */,
				742CAD01224530FC00900CEE /* JXTDocumentManager.m */,
				84875EAE21B139980084029A /* Category */,
				84875E0F21B139370084029A /* ThirdLib */,
			);
			path = Utilities;
			sourceTree = "<group>";
		};
		84875E0D21B137180084029A /* View */ = {
			isa = PBXGroup;
			children = (
				74F22152224F75F8005A776E /* JXTRealtimeView */,
				84875F1321B13AE20084029A /* CustomView */,
				84202C6422151764006CEE35 /* TableViewCell */,
			);
			path = View;
			sourceTree = "<group>";
		};
		84875E0F21B139370084029A /* ThirdLib */ = {
			isa = PBXGroup;
			children = (
				84875F9621B526950084029A /* BabyBluetooth */,
			);
			path = ThirdLib;
			sourceTree = "<group>";
		};
		84875EAE21B139980084029A /* Category */ = {
			isa = PBXGroup;
			children = (
				84875EAF21B139980084029A /* Foundation */,
				84875EC021B139980084029A /* Others */,
				84875EC321B139980084029A /* Controller */,
				84875ECA21B139980084029A /* View */,
			);
			path = Category;
			sourceTree = "<group>";
		};
		84875EAF21B139980084029A /* Foundation */ = {
			isa = PBXGroup;
			children = (
				84875F4C21B13B8B0084029A /* NSArray+JXTCategory.h */,
				84875F4721B13B8B0084029A /* NSArray+JXTCategory.m */,
				84875F4D21B13B8B0084029A /* NSAttributedString+JXTCategory.h */,
				84875F5221B13B8B0084029A /* NSAttributedString+JXTCategory.m */,
				84875F4F21B13B8B0084029A /* NSDate+JXTCategory.h */,
				84875F4821B13B8B0084029A /* NSDate+JXTCategory.m */,
				84875F4921B13B8B0084029A /* NSDictionary+JXTCategory.h */,
				84875F5121B13B8B0084029A /* NSDictionary+JXTCategory.m */,
				84875F4621B13B8B0084029A /* NSString+JXTCategory.h */,
				84875F4B21B13B8B0084029A /* NSString+JXTCategory.m */,
				84875F4E21B13B8B0084029A /* UIColor+JXTCategory.h */,
				84875F4421B13B8B0084029A /* UIColor+JXTCategory.m */,
				84875F5321B13B8B0084029A /* UIImage+JXTCategory.h */,
				84875F4521B13B8B0084029A /* UIImage+JXTCategory.m */,
				84875F5021B13B8B0084029A /* UIResponder+JXTCatagory.h */,
				84875F4A21B13B8B0084029A /* UIResponder+JXTCatagory.m */,
				742F86B72257002300306455 /* UIFont+JXTCatagory.h */,
				742F86B82257002300306455 /* UIFont+JXTCatagory.m */,
			);
			path = Foundation;
			sourceTree = "<group>";
		};
		84875EC021B139980084029A /* Others */ = {
			isa = PBXGroup;
			children = (
				84875EC121B139980084029A /* UIApplication+JXTCategory.m */,
				84875EC221B139980084029A /* UIApplication+JXTCategory.h */,
			);
			path = Others;
			sourceTree = "<group>";
		};
		84875EC321B139980084029A /* Controller */ = {
			isa = PBXGroup;
			children = (
				84875F3F21B13B720084029A /* UIViewController+JXTCategory.h */,
				84875F3E21B13B720084029A /* UIViewController+JXTCategory.m */,
				84875F3C21B13B720084029A /* UIViewController+KeyboardAnimation.h */,
				84875F3B21B13B720084029A /* UIViewController+KeyboardAnimation.m */,
				84875F3D21B13B720084029A /* UIViewController+ShouldAutorotate.h */,
				84875F4021B13B720084029A /* UIViewController+ShouldAutorotate.m */,
			);
			path = Controller;
			sourceTree = "<group>";
		};
		84875ECA21B139980084029A /* View */ = {
			isa = PBXGroup;
			children = (
				84875F2D21B13B500084029A /* UIButton+JXTCategory.h */,
				84875F3121B13B500084029A /* UIButton+JXTCategory.m */,
				84875F2C21B13B500084029A /* UIImageView+JXTCategory.h */,
				84875F2421B13B500084029A /* UIImageView+JXTCategory.m */,
				84875F2E21B13B500084029A /* UILabel+JXTCategory.h */,
				84875F2B21B13B500084029A /* UILabel+JXTCategory.m */,
				84875F3221B13B500084029A /* UISearchBar+JXTCategory.h */,
				84875F2A21B13B500084029A /* UISearchBar+JXTCategory.m */,
				84875F2F21B13B500084029A /* UITableView+JXTCategory.h */,
				84875F2321B13B500084029A /* UITableView+JXTCategory.m */,
				84875F2721B13B500084029A /* UITextField+Shake.h */,
				84875F3021B13B500084029A /* UITextField+Shake.m */,
				84875F2621B13B500084029A /* UIView+JXTCategory.h */,
				84875F2821B13B500084029A /* UIView+JXTCategory.m */,
				84875F2921B13B500084029A /* WKWebView+JXTCategory.h */,
				84875F2521B13B500084029A /* WKWebView+JXTCategory.m */,
			);
			path = View;
			sourceTree = "<group>";
		};
		84875EF921B13AB60084029A /* CustomController */ = {
			isa = PBXGroup;
			children = (
				74AF3EF22237DD6E00D6B2D7 /* JXTCounterViewController.h */,
				74AF3EF32237DD6E00D6B2D7 /* JXTCounterViewController.m */,
				84202C5F22150B3B006CEE35 /* JXTBaseResponderController.h */,
				84202C5E22150B3B006CEE35 /* JXTBaseResponderController.m */,
				84875F5F21B13C750084029A /* JXTNavigationController.h */,
				84875F6021B13C750084029A /* JXTNavigationController.m */,
				84875F5E21B13C750084029A /* JXTTabBarController.h */,
				84875F5D21B13C750084029A /* JXTTabBarController.m */,
				7453BED3225CE1FA002728FE /* JXTAlertViewController.h */,
				7453BED4225CE1FA002728FE /* JXTAlertViewController.m */,
				84875F6121B13C750084029A /* OvercurrentController */,
			);
			path = CustomController;
			sourceTree = "<group>";
		};
		84875F1321B13AE20084029A /* CustomView */ = {
			isa = PBXGroup;
			children = (
				8437B8722228FD7A006A08F0 /* JXTFunctionView.h */,
				8437B8712228FD7A006A08F0 /* JXTFunctionView.m */,
				84875F8B21B13CC70084029A /* JXTButton.h */,
				84875F8421B13CC60084029A /* JXTButton.m */,
				742F86BC2257177B00306455 /* JXTColorfulButton.h */,
				742F86BD2257177B00306455 /* JXTColorfulButton.m */,
				74CE23C422637AF2003E10A2 /* JXTControlButton.h */,
				74CE23C522637AF2003E10A2 /* JXTControlButton.m */,
				74C5A3D2226DF30D00C49BB1 /* JXTLineButton.h */,
				74C5A3D3226DF30D00C49BB1 /* JXTLineButton.m */,
				84875F8621B13CC60084029A /* JXTCustomTabBar.h */,
				84875F8C21B13CC70084029A /* JXTCustomTabBar.m */,
			);
			path = CustomView;
			sourceTree = "<group>";
		};
		84875F6121B13C750084029A /* OvercurrentController */ = {
			isa = PBXGroup;
			children = (
				84875F7721B13C920084029A /* JXTOverCurrentViewController.h */,
				84875F7C21B13C920084029A /* JXTOverCurrentViewController.m */,
				84875F7A21B13C920084029A /* JXTSingleRowPickerViewController.h */,
				84875F7E21B13C920084029A /* JXTSingleRowPickerViewController.m */,
			);
			path = OvercurrentController;
			sourceTree = "<group>";
		};
		84875F9621B526950084029A /* BabyBluetooth */ = {
			isa = PBXGroup;
			children = (
				84875FB621B526BA0084029A /* BabyBluetooth.h */,
				84875FBA21B526BA0084029A /* BabyBluetooth.m */,
				84875FB921B526BA0084029A /* BabyCallback.h */,
				84875FC021B526BB0084029A /* BabyCallback.m */,
				84875FBB21B526BA0084029A /* BabyCentralManager.h */,
				84875FB421B526BA0084029A /* BabyCentralManager.m */,
				84875FBF21B526BB0084029A /* BabyDefine.h */,
				84875FB521B526BA0084029A /* BabyDefine.m */,
				84875FC321B526BB0084029A /* BabyOptions.h */,
				84875FB821B526BA0084029A /* BabyOptions.m */,
				84875FB721B526BA0084029A /* BabyPeripheralManager.h */,
				84875FB221B526BA0084029A /* BabyPeripheralManager.m */,
				84875FBE21B526BB0084029A /* BabyRhythm.h */,
				84875FC121B526BB0084029A /* BabyRhythm.m */,
				84875FC221B526BB0084029A /* BabySpeaker.h */,
				84875FB321B526BA0084029A /* BabySpeaker.m */,
				84875FBC21B526BA0084029A /* BabyToy.h */,
				84875FBD21B526BA0084029A /* BabyToy.m */,
			);
			path = BabyBluetooth;
			sourceTree = "<group>";
		};
		F0DC3271CF982CF752FB7288 /* Pods */ = {
			isa = PBXGroup;
			children = (
				729A2A0C58A7CF8A38AE644D /* Pods-BMS.debug.xcconfig */,
				AFE2BD871BB47A30806629F0 /* Pods-BMS.release.xcconfig */,
			);
			path = Pods;
			sourceTree = "<group>";
		};
/* End PBXGroup section */

/* Begin PBXNativeTarget section */
		84875DED21B1354D0084029A /* BMS */ = {
			isa = PBXNativeTarget;
			buildConfigurationList = 84875E0421B1355C0084029A /* Build configuration list for PBXNativeTarget "BMS" */;
			buildPhases = (
				0D7AC0721681194B47ED7C65 /* [CP] Check Pods Manifest.lock */,
				84875DEA21B1354D0084029A /* Sources */,
				84875DEB21B1354D0084029A /* Frameworks */,
				84875DEC21B1354D0084029A /* Resources */,
				74A89D612246914B0040B6B7 /* Embed Frameworks */,
				29486528DA8C813A919D8E33 /* [CP] Embed Pods Frameworks */,
			);
			buildRules = (
			);
			dependencies = (
			);
			name = BMS;
			productName = BMS;
			productReference = 84875DEE21B1354E0084029A /* BMS.app */;
			productType = "com.apple.product-type.application";
		};
/* End PBXNativeTarget section */

/* Begin PBXProject section */
		84875DE621B1354D0084029A /* Project object */ = {
			isa = PBXProject;
			attributes = {
				LastUpgradeCheck = 1010;
				ORGANIZATIONNAME = admin;
				TargetAttributes = {
					84875DED21B1354D0084029A = {
						CreatedOnToolsVersion = 10.1;
						LastSwiftMigration = 1010;
						SystemCapabilities = {
							com.apple.BackgroundModes = {
								enabled = 1;
							};
						};
					};
				};
			};
			buildConfigurationList = 84875DE921B1354D0084029A /* Build configuration list for PBXProject "BMS" */;
			compatibilityVersion = "Xcode 9.3";
			developmentRegion = en;
			hasScannedForEncodings = 0;
			knownRegions = (
				en,
				Base,
				"zh-Hans",
			);
			mainGroup = 84875DE521B1354D0084029A;
			productRefGroup = 84875DEF21B1354E0084029A /* Products */;
			projectDirPath = "";
			projectRoot = "";
			targets = (
				84875DED21B1354D0084029A /* BMS */,
			);
		};
/* End PBXProject section */

/* Begin PBXResourcesBuildPhase section */
		84875DEC21B1354D0084029A /* Resources */ = {
			isa = PBXResourcesBuildPhase;
			buildActionMask = 2147483647;
			files = (
				749E1719232CF79800C5E2BE /* Localizable.strings in Resources */,
				84875DFB21B1355C0084029A /* Assets.xcassets in Resources */,
			);
			runOnlyForDeploymentPostprocessing = 0;
		};
/* End PBXResourcesBuildPhase section */

/* Begin PBXShellScriptBuildPhase section */
		0D7AC0721681194B47ED7C65 /* [CP] Check Pods Manifest.lock */ = {
			isa = PBXShellScriptBuildPhase;
			buildActionMask = 2147483647;
			files = (
			);
			inputFileListPaths = (
			);
			inputPaths = (
				"${PODS_PODFILE_DIR_PATH}/Podfile.lock",
				"${PODS_ROOT}/Manifest.lock",
			);
			name = "[CP] Check Pods Manifest.lock";
			outputFileListPaths = (
			);
			outputPaths = (
				"$(DERIVED_FILE_DIR)/Pods-BMS-checkManifestLockResult.txt",
			);
			runOnlyForDeploymentPostprocessing = 0;
			shellPath = /bin/sh;
			shellScript = "diff \"${PODS_PODFILE_DIR_PATH}/Podfile.lock\" \"${PODS_ROOT}/Manifest.lock\" > /dev/null\nif [ $? != 0 ] ; then\n    # print error to STDERR\n    echo \"error: The sandbox is not in sync with the Podfile.lock. Run 'pod install' or update your CocoaPods installation.\" >&2\n    exit 1\nfi\n# This output is used by Xcode 'outputs' to avoid re-running this script phase.\necho \"SUCCESS\" > \"${SCRIPT_OUTPUT_FILE_0}\"\n";
			showEnvVarsInLog = 0;
		};
		29486528DA8C813A919D8E33 /* [CP] Embed Pods Frameworks */ = {
			isa = PBXShellScriptBuildPhase;
			buildActionMask = 2147483647;
			files = (
			);
			inputFileListPaths = (
				"${PODS_ROOT}/Target Support Files/Pods-BMS/Pods-BMS-frameworks-${CONFIGURATION}-input-files.xcfilelist",
			);
			name = "[CP] Embed Pods Frameworks";
			outputFileListPaths = (
				"${PODS_ROOT}/Target Support Files/Pods-BMS/Pods-BMS-frameworks-${CONFIGURATION}-output-files.xcfilelist",
			);
			runOnlyForDeploymentPostprocessing = 0;
			shellPath = /bin/sh;
			shellScript = "\"${PODS_ROOT}/Target Support Files/Pods-BMS/Pods-BMS-frameworks.sh\"\n";
			showEnvVarsInLog = 0;
		};
/* End PBXShellScriptBuildPhase section */

/* Begin PBXSourcesBuildPhase section */
		84875DEA21B1354D0084029A /* Sources */ = {
			isa = PBXSourcesBuildPhase;
			buildActionMask = 2147483647;
			files = (
				742AD1EE223376EF00350D30 /* JXTCharacterManager.m in Sources */,
				74F22144224F6BEF005A776E /* JXTRealtimeStatusController.m in Sources */,
				84875F5621B13B8B0084029A /* NSArray+JXTCategory.m in Sources */,
				74CE23C622637AF2003E10A2 /* JXTControlButton.m in Sources */,
				742FE391225077AC0036B09F /* JXTBatteryCell.m in Sources */,
				84875F3421B13B500084029A /* UIImageView+JXTCategory.m in Sources */,
				742D5C0A22677114004BB4DF /* JXTLogManager.m in Sources */,
				84875F4121B13B720084029A /* UIViewController+KeyboardAnimation.m in Sources */,
				8437B876222F6A43006A08F0 /* JXTDoubleCharacter.m in Sources */,
				84875F6F21B13C750084029A /* JXTNavigationController.m in Sources */,
				743E4F992271E0E900EEC0B3 /* JXTFileCell.m in Sources */,
				74D577E5226C45B800D06E87 /* JXTBMSSettingCell.m in Sources */,
				84875F3821B13B500084029A /* UILabel+JXTCategory.m in Sources */,
				743E4F952271DFDA00EEC0B3 /* JXTFileViewController.m in Sources */,
				74F2214E224F6CAB005A776E /* JXTCommandController.m in Sources */,
				740D8846226F2E1C003E0F00 /* JXTMarketCell.m in Sources */,
				74D577EB226C828900D06E87 /* JXTSystemController.m in Sources */,
				74D577F1226C86BC00D06E87 /* JXTAboutUsController.m in Sources */,
				84875F6E21B13C750084029A /* JXTTabBarController.m in Sources */,
				84875F8321B13C920084029A /* JXTSingleRowPickerViewController.m in Sources */,
				74D577EE226C82CD00D06E87 /* JXTSystemCell.m in Sources */,
				742F86B92257002300306455 /* UIFont+JXTCatagory.m in Sources */,
				84875F8121B13C920084029A /* JXTOverCurrentViewController.m in Sources */,
				84875EE621B139980084029A /* UIApplication+JXTCategory.m in Sources */,
				74AF3EF42237DD6E00D6B2D7 /* JXTCounterViewController.m in Sources */,
				84875F5921B13B8B0084029A /* NSString+JXTCategory.m in Sources */,
				84875E0121B1355C0084029A /* main.m in Sources */,
				74F22151224F6CC2005A776E /* JXTMarketController.m in Sources */,
				84875F3621B13B500084029A /* UIView+JXTCategory.m in Sources */,
				74D577E8226C728C00D06E87 /* JXTBMSSettingController.m in Sources */,
				84202C73221666E8006CEE35 /* JXTCharacter.m in Sources */,
				74992A01225E23A00031899A /* JXTPeripheralCell.m in Sources */,
				84875F3A21B13B500084029A /* UIButton+JXTCategory.m in Sources */,
				84875FC921B526BB0084029A /* BabyBluetooth.m in Sources */,
				84875F5721B13B8B0084029A /* NSDate+JXTCategory.m in Sources */,
				7440AB6222475A3400334361 /* JXTYValueFormater.m in Sources */,
				842AA3C82223838C0092E813 /* JXTBluetooth.m in Sources */,
				849205F52227B1A60013BACC /* JXTBatteryInfoManager.m in Sources */,
				74A89D64224691970040B6B7 /* bridge.swift in Sources */,
				84875FCA21B526BB0084029A /* BabyToy.m in Sources */,
				84875FC621B526BB0084029A /* BabyCentralManager.m in Sources */,
				749929FC225E193E0031899A /* JXTDeviceListController.m in Sources */,
				84202C6022150B3B006CEE35 /* JXTBaseResponderController.m in Sources */,
				84875F5421B13B8B0084029A /* UIColor+JXTCategory.m in Sources */,
				74C5A3D4226DF30D00C49BB1 /* JXTLineButton.m in Sources */,
				7410EAF2227F1D63002CE0F2 /* JXTLongCharacter.m in Sources */,
				84875FCB21B526BB0084029A /* BabyCallback.m in Sources */,
				74D577F4226C8B9E00D06E87 /* JXTWebViewController.m in Sources */,
				74F2214B224F6C6B005A776E /* JXTParameterSettingController.m in Sources */,
				84875FC721B526BB0084029A /* BabyDefine.m in Sources */,
				742F86BE2257177B00306455 /* JXTColorfulButton.m in Sources */,
				742CAD02224530FC00900CEE /* JXTDocumentManager.m in Sources */,
				84875F3321B13B500084029A /* UITableView+JXTCategory.m in Sources */,
				84875F3721B13B500084029A /* UISearchBar+JXTCategory.m in Sources */,
				749929F9225E18360031899A /* JXTConnectController.m in Sources */,
				84875F4221B13B720084029A /* UIViewController+JXTCategory.m in Sources */,
				84875F5821B13B8B0084029A /* UIResponder+JXTCatagory.m in Sources */,
				84875F9121B13CC70084029A /* JXTCustomTabBar.m in Sources */,
				74F22148224F6C34005A776E /* JXTDynamicCurveController.m in Sources */,
				84875F5521B13B8B0084029A /* UIImage+JXTCategory.m in Sources */,
				84875FCC21B526BB0084029A /* BabyRhythm.m in Sources */,
				84875F8E21B13CC70084029A /* JXTButton.m in Sources */,
				84875EF821B13A480084029A /* JXTAppInfo.m in Sources */,
				84875FC421B526BB0084029A /* BabyPeripheralManager.m in Sources */,
				742D5C0022675D05004BB4DF /* JXTLogViewController.m in Sources */,
				74F22155224F7640005A776E /* JXTRealtimeHeaderView.m in Sources */,
				84875FC821B526BB0084029A /* BabyOptions.m in Sources */,
				84875DF321B1354E0084029A /* JXTAppDelegate.m in Sources */,
				84875F3521B13B500084029A /* WKWebView+JXTCategory.m in Sources */,
				7440AB692247733E00334361 /* JXTDataValueFormater.m in Sources */,
				7440AB662247670200334361 /* JXTXValueFormater.m in Sources */,
				742D5C07226770F7004BB4DF /* JXTLog.m in Sources */,
				742D5C0422677080004BB4DF /* JXTLogCell.m in Sources */,
				84875F5B21B13B8B0084029A /* NSAttributedString+JXTCategory.m in Sources */,
				84875F5A21B13B8B0084029A /* NSDictionary+JXTCategory.m in Sources */,
				84875F4321B13B720084029A /* UIViewController+ShouldAutorotate.m in Sources */,
				7453BED5225CE1FA002728FE /* JXTAlertViewController.m in Sources */,
				745061E8227746CF00447FEC /* JXTFolderController.m in Sources */,
				8437B8732228FD7A006A08F0 /* JXTFunctionView.m in Sources */,
				84875F3921B13B500084029A /* UITextField+Shake.m in Sources */,
				74C5A3D0226DF07E00C49BB1 /* JXTPasswordController.m in Sources */,
				74D577E2226C3D8E00D06E87 /* JXTParamCell.m in Sources */,
				84875FC521B526BB0084029A /* BabySpeaker.m in Sources */,
				748B1882222D779A001111D5 /* JXTInfoDetails.m in Sources */,
			);
			runOnlyForDeploymentPostprocessing = 0;
		};
/* End PBXSourcesBuildPhase section */

/* Begin PBXVariantGroup section */
		749E171B232CF79800C5E2BE /* Localizable.strings */ = {
			isa = PBXVariantGroup;
			children = (
				749E171A232CF79800C5E2BE /* en */,
				749E171C232CF7A100C5E2BE /* zh-Hans */,
			);
			name = Localizable.strings;
			sourceTree = "<group>";
		};
/* End PBXVariantGroup section */

/* Begin XCBuildConfiguration section */
		84875E0221B1355C0084029A /* Debug */ = {
			isa = XCBuildConfiguration;
			buildSettings = {
				ALWAYS_SEARCH_USER_PATHS = NO;
				CLANG_ANALYZER_NONNULL = YES;
				CLANG_ANALYZER_NUMBER_OBJECT_CONVERSION = YES_AGGRESSIVE;
				CLANG_CXX_LANGUAGE_STANDARD = "gnu++14";
				CLANG_CXX_LIBRARY = "libc++";
				CLANG_ENABLE_MODULES = YES;
				CLANG_ENABLE_OBJC_ARC = YES;
				CLANG_ENABLE_OBJC_WEAK = YES;
				CLANG_WARN_BLOCK_CAPTURE_AUTORELEASING = YES;
				CLANG_WARN_BOOL_CONVERSION = YES;
				CLANG_WARN_COMMA = YES;
				CLANG_WARN_CONSTANT_CONVERSION = YES;
				CLANG_WARN_DEPRECATED_OBJC_IMPLEMENTATIONS = YES;
				CLANG_WARN_DIRECT_OBJC_ISA_USAGE = YES_ERROR;
				CLANG_WARN_DOCUMENTATION_COMMENTS = YES;
				CLANG_WARN_EMPTY_BODY = YES;
				CLANG_WARN_ENUM_CONVERSION = YES;
				CLANG_WARN_INFINITE_RECURSION = YES;
				CLANG_WARN_INT_CONVERSION = YES;
				CLANG_WARN_NON_LITERAL_NULL_CONVERSION = YES;
				CLANG_WARN_OBJC_IMPLICIT_RETAIN_SELF = YES;
				CLANG_WARN_OBJC_LITERAL_CONVERSION = YES;
				CLANG_WARN_OBJC_ROOT_CLASS = YES_ERROR;
				CLANG_WARN_RANGE_LOOP_ANALYSIS = YES;
				CLANG_WARN_STRICT_PROTOTYPES = YES;
				CLANG_WARN_SUSPICIOUS_MOVE = YES;
				CLANG_WARN_UNGUARDED_AVAILABILITY = YES_AGGRESSIVE;
				CLANG_WARN_UNREACHABLE_CODE = YES;
				CLANG_WARN__DUPLICATE_METHOD_MATCH = YES;
				CODE_SIGN_IDENTITY = "iPhone Developer";
				COPY_PHASE_STRIP = NO;
				DEBUG_INFORMATION_FORMAT = dwarf;
				ENABLE_STRICT_OBJC_MSGSEND = YES;
				ENABLE_TESTABILITY = YES;
				GCC_C_LANGUAGE_STANDARD = gnu11;
				GCC_DYNAMIC_NO_PIC = NO;
				GCC_NO_COMMON_BLOCKS = YES;
				GCC_OPTIMIZATION_LEVEL = 0;
				GCC_PREPROCESSOR_DEFINITIONS = (
					"DEBUG=1",
					"$(inherited)",
				);
				GCC_WARN_64_TO_32_BIT_CONVERSION = YES;
				GCC_WARN_ABOUT_RETURN_TYPE = YES_ERROR;
				GCC_WARN_UNDECLARED_SELECTOR = YES;
				GCC_WARN_UNINITIALIZED_AUTOS = YES_AGGRESSIVE;
				GCC_WARN_UNUSED_FUNCTION = YES;
				GCC_WARN_UNUSED_VARIABLE = YES;
				IPHONEOS_DEPLOYMENT_TARGET = 12.1;
				MTL_ENABLE_DEBUG_INFO = INCLUDE_SOURCE;
				MTL_FAST_MATH = YES;
				ONLY_ACTIVE_ARCH = YES;
				SDKROOT = iphoneos;
			};
			name = Debug;
		};
		84875E0321B1355C0084029A /* Release */ = {
			isa = XCBuildConfiguration;
			buildSettings = {
				ALWAYS_SEARCH_USER_PATHS = NO;
				CLANG_ANALYZER_NONNULL = YES;
				CLANG_ANALYZER_NUMBER_OBJECT_CONVERSION = YES_AGGRESSIVE;
				CLANG_CXX_LANGUAGE_STANDARD = "gnu++14";
				CLANG_CXX_LIBRARY = "libc++";
				CLANG_ENABLE_MODULES = YES;
				CLANG_ENABLE_OBJC_ARC = YES;
				CLANG_ENABLE_OBJC_WEAK = YES;
				CLANG_WARN_BLOCK_CAPTURE_AUTORELEASING = YES;
				CLANG_WARN_BOOL_CONVERSION = YES;
				CLANG_WARN_COMMA = YES;
				CLANG_WARN_CONSTANT_CONVERSION = YES;
				CLANG_WARN_DEPRECATED_OBJC_IMPLEMENTATIONS = YES;
				CLANG_WARN_DIRECT_OBJC_ISA_USAGE = YES_ERROR;
				CLANG_WARN_DOCUMENTATION_COMMENTS = YES;
				CLANG_WARN_EMPTY_BODY = YES;
				CLANG_WARN_ENUM_CONVERSION = YES;
				CLANG_WARN_INFINITE_RECURSION = YES;
				CLANG_WARN_INT_CONVERSION = YES;
				CLANG_WARN_NON_LITERAL_NULL_CONVERSION = YES;
				CLANG_WARN_OBJC_IMPLICIT_RETAIN_SELF = YES;
				CLANG_WARN_OBJC_LITERAL_CONVERSION = YES;
				CLANG_WARN_OBJC_ROOT_CLASS = YES_ERROR;
				CLANG_WARN_RANGE_LOOP_ANALYSIS = YES;
				CLANG_WARN_STRICT_PROTOTYPES = YES;
				CLANG_WARN_SUSPICIOUS_MOVE = YES;
				CLANG_WARN_UNGUARDED_AVAILABILITY = YES_AGGRESSIVE;
				CLANG_WARN_UNREACHABLE_CODE = YES;
				CLANG_WARN__DUPLICATE_METHOD_MATCH = YES;
				CODE_SIGN_IDENTITY = "iPhone Developer";
				COPY_PHASE_STRIP = NO;
				DEBUG_INFORMATION_FORMAT = "dwarf-with-dsym";
				ENABLE_NS_ASSERTIONS = NO;
				ENABLE_STRICT_OBJC_MSGSEND = YES;
				GCC_C_LANGUAGE_STANDARD = gnu11;
				GCC_NO_COMMON_BLOCKS = YES;
				GCC_WARN_64_TO_32_BIT_CONVERSION = YES;
				GCC_WARN_ABOUT_RETURN_TYPE = YES_ERROR;
				GCC_WARN_UNDECLARED_SELECTOR = YES;
				GCC_WARN_UNINITIALIZED_AUTOS = YES_AGGRESSIVE;
				GCC_WARN_UNUSED_FUNCTION = YES;
				GCC_WARN_UNUSED_VARIABLE = YES;
				IPHONEOS_DEPLOYMENT_TARGET = 12.1;
				MTL_ENABLE_DEBUG_INFO = NO;
				MTL_FAST_MATH = YES;
				SDKROOT = iphoneos;
				VALIDATE_PRODUCT = YES;
			};
			name = Release;
		};
		84875E0521B1355C0084029A /* Debug */ = {
			isa = XCBuildConfiguration;
			baseConfigurationReference = 729A2A0C58A7CF8A38AE644D /* Pods-BMS.debug.xcconfig */;
			buildSettings = {
				ALWAYS_EMBED_SWIFT_STANDARD_LIBRARIES = YES;
				ASSETCATALOG_COMPILER_APPICON_NAME = AppIcon;
				ASSETCATALOG_COMPILER_LAUNCHIMAGE_NAME = LaunchImage;
				CLANG_ENABLE_MODULES = YES;
				CODE_SIGN_IDENTITY = "iPhone Developer";
				CODE_SIGN_STYLE = Automatic;
				DEVELOPMENT_TEAM = HA44RU85VN;
				GCC_PRECOMPILE_PREFIX_HEADER = YES;
				GCC_PREFIX_HEADER = "$(SRCROOT)/BMS/JXTPrefixHeader.pch";
				INFOPLIST_FILE = BMS/Info.plist;
				IPHONEOS_DEPLOYMENT_TARGET = 12.0;
				LD_RUNPATH_SEARCH_PATHS = (
					"$(inherited)",
					"@executable_path/Frameworks",
				);
				PRODUCT_BUNDLE_IDENTIFIER = com.ShiYanAnt.bms1;
				PRODUCT_NAME = "$(TARGET_NAME)";
				PROVISIONING_PROFILE_SPECIFIER = "";
				SWIFT_OBJC_BRIDGING_HEADER = "BMS/BMS-Bridging-Header.h";
				SWIFT_OPTIMIZATION_LEVEL = "-Onone";
				SWIFT_VERSION = 4.2;
				TARGETED_DEVICE_FAMILY = 1;
			};
			name = Debug;
		};
		84875E0621B1355C0084029A /* Release */ = {
			isa = XCBuildConfiguration;
			baseConfigurationReference = AFE2BD871BB47A30806629F0 /* Pods-BMS.release.xcconfig */;
			buildSettings = {
				ALWAYS_EMBED_SWIFT_STANDARD_LIBRARIES = YES;
				ASSETCATALOG_COMPILER_APPICON_NAME = AppIcon;
				ASSETCATALOG_COMPILER_LAUNCHIMAGE_NAME = LaunchImage;
				CLANG_ENABLE_MODULES = YES;
				CODE_SIGN_IDENTITY = "iPhone Developer";
				CODE_SIGN_STYLE = Automatic;
				DEVELOPMENT_TEAM = HA44RU85VN;
				GCC_PRECOMPILE_PREFIX_HEADER = YES;
				GCC_PREFIX_HEADER = "$(SRCROOT)/BMS/JXTPrefixHeader.pch";
				INFOPLIST_FILE = BMS/Info.plist;
				IPHONEOS_DEPLOYMENT_TARGET = 12.0;
				LD_RUNPATH_SEARCH_PATHS = (
					"$(inherited)",
					"@executable_path/Frameworks",
				);
				PRODUCT_BUNDLE_IDENTIFIER = com.ShiYanAnt.bms1;
				PRODUCT_NAME = "$(TARGET_NAME)";
				PROVISIONING_PROFILE_SPECIFIER = "";
				SWIFT_OBJC_BRIDGING_HEADER = "BMS/BMS-Bridging-Header.h";
				SWIFT_VERSION = 4.2;
				TARGETED_DEVICE_FAMILY = 1;
			};
			name = Release;
		};
/* End XCBuildConfiguration section */

/* Begin XCConfigurationList section */
		84875DE921B1354D0084029A /* Build configuration list for PBXProject "BMS" */ = {
			isa = XCConfigurationList;
			buildConfigurations = (
				84875E0221B1355C0084029A /* Debug */,
				84875E0321B1355C0084029A /* Release */,
			);
			defaultConfigurationIsVisible = 0;
			defaultConfigurationName = Release;
		};
		84875E0421B1355C0084029A /* Build configuration list for PBXNativeTarget "BMS" */ = {
			isa = XCConfigurationList;
			buildConfigurations = (
				84875E0521B1355C0084029A /* Debug */,
				84875E0621B1355C0084029A /* Release */,
			);
			defaultConfigurationIsVisible = 0;
			defaultConfigurationName = Release;
		};
/* End XCConfigurationList section */
	};
	rootObject = 84875DE621B1354D0084029A /* Project object */;
}
